Microsoft Visual Studio Solution File, Format Version 12.00
# Visual Studio Version 17
VisualStudioVersion = 17.5.33516.290
MinimumVisualStudioVersion = 10.0.40219.1
Project("{9A19103F-16F7-4668-BE54-9A1E7A4F7556}") = "PicSum.Core.Base", "PicSum.Core.Base\PicSum.Core.Base.csproj", "{128C4631-F38E-4670-BC8F-E9E60910CE70}"
EndProject
Project("{9A19103F-16F7-4668-BE54-9A1E7A4F7556}") = "PicSum.Core.Data.DatabaseAccessor", "PicSum.Core.Data.DatabaseAccessor\PicSum.Core.Data.DatabaseAccessor.csproj", "{4EE2E470-303F-4495-A7D1-0D7462202D24}"
EndProject
Project("{9A19103F-16F7-4668-BE54-9A1E7A4F7556}") = "PicSum.Core.Task.AsyncTask", "PicSum.Core.Task.AsyncTask\PicSum.Core.Task.AsyncTask.csproj", "{E46B47C7-C4E7-44E5-963B-B603E31424E0}"
EndProject
Project("{9A19103F-16F7-4668-BE54-9A1E7A4F7556}") = "PicSum.Core.Task.Base", "PicSum.Core.Task.Base\PicSum.Core.Task.Base.csproj", "{106CC18E-82F9-4FE8-A7D5-29E1ED3BAA72}"
EndProject
Project("{9A19103F-16F7-4668-BE54-9A1E7A4F7556}") = "PicSum.Core.Task.SyncTask", "PicSum.Core.Task.SyncTask\PicSum.Core.Task.SyncTask.csproj", "{AD2472A8-9878-4969-9D82-B69255743CBA}"
EndProject
Project("{9A19103F-16F7-4668-BE54-9A1E7A4F7556}") = "PicSum.Data.DatabaseAccessor", "PicSum.Data.DatabaseAccessor\PicSum.Data.DatabaseAccessor.csproj", "{B638D175-DF52-4A95-AAB6-D1099EFDE33A}"
EndProject
Project("{9A19103F-16F7-4668-BE54-9A1E7A4F7556}") = "PicSum.Main", "PicSum.Main\PicSum.Main.csproj", "{0689D5BA-499C-45E8-87D3-04A4CD261CCC}"
EndProject
Project("{9A19103F-16F7-4668-BE54-9A1E7A4F7556}") = "PicSum.Task", "PicSum.Task\PicSum.Task.csproj", "{BCB012C4-D8A7-4F01-B158-2BB6AF00E6B5}"
EndProject
Project("{9A19103F-16F7-4668-BE54-9A1E7A4F7556}") = "PicSum.UIComponent.AddressBar", "PicSum.UIComponent.AddressBar\PicSum.UIComponent.AddressBar.csproj", "{290188E5-55A5-40C7-A311-4E3474C23789}"
EndProject
Project("{9A19103F-16F7-4668-BE54-9A1E7A4F7556}") = "PicSum.UIComponent.Contents", "PicSum.UIComponent.Contents\PicSum.UIComponent.Contents.csproj", "{8FB6F625-792E-4A72-AB48-5C2F558C74F3}"
EndProject
Project("{9A19103F-16F7-4668-BE54-9A1E7A4F7556}") = "PicSum.UIComponent.InfoPanel", "PicSum.UIComponent.InfoPanel\PicSum.UIComponent.InfoPanel.csproj", "{AD290551-E7B2-41E0-801D-E8118155AE86}"
EndProject
Project("{9A19103F-16F7-4668-BE54-9A1E7A4F7556}") = "SWF.Common", "SWF.Common\SWF.Common.csproj", "{1D5E61C2-A0F5-4A69-AF24-EDD274B78359}"
EndProject
Project("{9A19103F-16F7-4668-BE54-9A1E7A4F7556}") = "SWF.UIComponent.Common", "SWF.UIComponent.Common\SWF.UIComponent.Common.csproj", "{73FC3AB9-059A-4B08-BA74-D0E91A1205E4}"
EndProject
Project("{9A19103F-16F7-4668-BE54-9A1E7A4F7556}") = "SWF.UIComponent.FlowList", "SWF.UIComponent.FlowList\SWF.UIComponent.FlowList.csproj", "{15AC93FE-FF3A-46AE-B0A9-A65074C564D1}"
EndProject
Project("{9A19103F-16F7-4668-BE54-9A1E7A4F7556}") = "SWF.UIComponent.ImagePanel", "SWF.UIComponent.ImagePanel\SWF.UIComponent.ImagePanel.csproj", "{AB88B637-13F2-4FC8-BFC1-7664BAD2EB51}"
EndProject
Project("{9A19103F-16F7-4668-BE54-9A1E7A4F7556}") = "SWF.UIComponent.TabOperation", "SWF.UIComponent.TabOperation\SWF.UIComponent.TabOperation.csproj", "{B9ECCCA2-735B-472A-B503-EE2E933B547B}"
EndProject
Project("{9A19103F-16F7-4668-BE54-9A1E7A4F7556}") = "WinApi", "WinApi\WinApi.csproj", "{186F7A43-6415-4F0A-AE75-5B3235D2B0F6}"
EndProject
Project("{9A19103F-16F7-4668-BE54-9A1E7A4F7556}") = "SWF.UIComponent.WideDropDown", "SWF.UIComponent.WideDropDown\SWF.UIComponent.WideDropDown.csproj", "{B836F727-9ECF-4F84-B665-076B47A5B9A4}"
EndProject
Project("{9A19103F-16F7-4668-BE54-9A1E7A4F7556}") = "SWF.UIComponent.Form", "SWF.UIComponent.Form\SWF.UIComponent.Form.csproj", "{8B800DCF-12ED-4032-B45B-B9DC2265E098}"
EndProject
Project("{FAE04EC0-301F-11D3-BF4B-00C04F79EFBC}") = "PicSum.Core.Task.AsyncTaskV2", "PicSum.Core.Task.AsyncTaskV2\PicSum.Core.Task.AsyncTaskV2.csproj", "{99EC4294-8AF4-45C1-BCF3-FE9A5F91ADA5}"
EndProject
Global
	GlobalSection(SolutionConfigurationPlatforms) = preSolution
		Debug|Any CPU = Debug|Any CPU
		Debug|x64 = Debug|x64
		Release|Any CPU = Release|Any CPU
		Release|x64 = Release|x64
	EndGlobalSection
	GlobalSection(ProjectConfigurationPlatforms) = postSolution
		{128C4631-F38E-4670-BC8F-E9E60910CE70}.Debug|Any CPU.ActiveCfg = Debug|Any CPU
		{128C4631-F38E-4670-BC8F-E9E60910CE70}.Debug|Any CPU.Build.0 = Debug|Any CPU
		{128C4631-F38E-4670-BC8F-E9E60910CE70}.Debug|x64.ActiveCfg = Debug|x64
		{128C4631-F38E-4670-BC8F-E9E60910CE70}.Debug|x64.Build.0 = Debug|x64
		{128C4631-F38E-4670-BC8F-E9E60910CE70}.Release|Any CPU.ActiveCfg = Release|Any CPU
		{128C4631-F38E-4670-BC8F-E9E60910CE70}.Release|Any CPU.Build.0 = Release|Any CPU
		{128C4631-F38E-4670-BC8F-E9E60910CE70}.Release|x64.ActiveCfg = Release|x64
		{128C4631-F38E-4670-BC8F-E9E60910CE70}.Release|x64.Build.0 = Release|x64
		{4EE2E470-303F-4495-A7D1-0D7462202D24}.Debug|Any CPU.ActiveCfg = Debug|Any CPU
		{4EE2E470-303F-4495-A7D1-0D7462202D24}.Debug|Any CPU.Build.0 = Debug|Any CPU
		{4EE2E470-303F-4495-A7D1-0D7462202D24}.Debug|x64.ActiveCfg = Debug|x64
		{4EE2E470-303F-4495-A7D1-0D7462202D24}.Debug|x64.Build.0 = Debug|x64
		{4EE2E470-303F-4495-A7D1-0D7462202D24}.Release|Any CPU.ActiveCfg = Release|Any CPU
		{4EE2E470-303F-4495-A7D1-0D7462202D24}.Release|Any CPU.Build.0 = Release|Any CPU
		{4EE2E470-303F-4495-A7D1-0D7462202D24}.Release|x64.ActiveCfg = Release|x64
		{4EE2E470-303F-4495-A7D1-0D7462202D24}.Release|x64.Build.0 = Release|x64
		{E46B47C7-C4E7-44E5-963B-B603E31424E0}.Debug|Any CPU.ActiveCfg = Debug|Any CPU
		{E46B47C7-C4E7-44E5-963B-B603E31424E0}.Debug|Any CPU.Build.0 = Debug|Any CPU
		{E46B47C7-C4E7-44E5-963B-B603E31424E0}.Debug|x64.ActiveCfg = Debug|x64
		{E46B47C7-C4E7-44E5-963B-B603E31424E0}.Debug|x64.Build.0 = Debug|x64
		{E46B47C7-C4E7-44E5-963B-B603E31424E0}.Release|Any CPU.ActiveCfg = Release|Any CPU
		{E46B47C7-C4E7-44E5-963B-B603E31424E0}.Release|Any CPU.Build.0 = Release|Any CPU
		{E46B47C7-C4E7-44E5-963B-B603E31424E0}.Release|x64.ActiveCfg = Release|x64
		{E46B47C7-C4E7-44E5-963B-B603E31424E0}.Release|x64.Build.0 = Release|x64
		{106CC18E-82F9-4FE8-A7D5-29E1ED3BAA72}.Debug|Any CPU.ActiveCfg = Debug|Any CPU
		{106CC18E-82F9-4FE8-A7D5-29E1ED3BAA72}.Debug|Any CPU.Build.0 = Debug|Any CPU
		{106CC18E-82F9-4FE8-A7D5-29E1ED3BAA72}.Debug|x64.ActiveCfg = Debug|x64
		{106CC18E-82F9-4FE8-A7D5-29E1ED3BAA72}.Debug|x64.Build.0 = Debug|x64
		{106CC18E-82F9-4FE8-A7D5-29E1ED3BAA72}.Release|Any CPU.ActiveCfg = Release|Any CPU
		{106CC18E-82F9-4FE8-A7D5-29E1ED3BAA72}.Release|Any CPU.Build.0 = Release|Any CPU
		{106CC18E-82F9-4FE8-A7D5-29E1ED3BAA72}.Release|x64.ActiveCfg = Release|x64
		{106CC18E-82F9-4FE8-A7D5-29E1ED3BAA72}.Release|x64.Build.0 = Release|x64
		{AD2472A8-9878-4969-9D82-B69255743CBA}.Debug|Any CPU.ActiveCfg = Debug|Any CPU
		{AD2472A8-9878-4969-9D82-B69255743CBA}.Debug|Any CPU.Build.0 = Debug|Any CPU
		{AD2472A8-9878-4969-9D82-B69255743CBA}.Debug|x64.ActiveCfg = Debug|x64
		{AD2472A8-9878-4969-9D82-B69255743CBA}.Debug|x64.Build.0 = Debug|x64
		{AD2472A8-9878-4969-9D82-B69255743CBA}.Release|Any CPU.ActiveCfg = Release|Any CPU
		{AD2472A8-9878-4969-9D82-B69255743CBA}.Release|Any CPU.Build.0 = Release|Any CPU
		{AD2472A8-9878-4969-9D82-B69255743CBA}.Release|x64.ActiveCfg = Release|x64
		{AD2472A8-9878-4969-9D82-B69255743CBA}.Release|x64.Build.0 = Release|x64
		{B638D175-DF52-4A95-AAB6-D1099EFDE33A}.Debug|Any CPU.ActiveCfg = Debug|Any CPU
		{B638D175-DF52-4A95-AAB6-D1099EFDE33A}.Debug|Any CPU.Build.0 = Debug|Any CPU
		{B638D175-DF52-4A95-AAB6-D1099EFDE33A}.Debug|x64.ActiveCfg = Debug|x64
		{B638D175-DF52-4A95-AAB6-D1099EFDE33A}.Debug|x64.Build.0 = Debug|x64
		{B638D175-DF52-4A95-AAB6-D1099EFDE33A}.Release|Any CPU.ActiveCfg = Release|Any CPU
		{B638D175-DF52-4A95-AAB6-D1099EFDE33A}.Release|Any CPU.Build.0 = Release|Any CPU
		{B638D175-DF52-4A95-AAB6-D1099EFDE33A}.Release|x64.ActiveCfg = Release|x64
		{B638D175-DF52-4A95-AAB6-D1099EFDE33A}.Release|x64.Build.0 = Release|x64
		{0689D5BA-499C-45E8-87D3-04A4CD261CCC}.Debug|Any CPU.ActiveCfg = Debug|Any CPU
		{0689D5BA-499C-45E8-87D3-04A4CD261CCC}.Debug|Any CPU.Build.0 = Debug|Any CPU
		{0689D5BA-499C-45E8-87D3-04A4CD261CCC}.Debug|x64.ActiveCfg = Debug|x64
		{0689D5BA-499C-45E8-87D3-04A4CD261CCC}.Debug|x64.Build.0 = Debug|x64
		{0689D5BA-499C-45E8-87D3-04A4CD261CCC}.Release|Any CPU.ActiveCfg = Release|Any CPU
		{0689D5BA-499C-45E8-87D3-04A4CD261CCC}.Release|Any CPU.Build.0 = Release|Any CPU
		{0689D5BA-499C-45E8-87D3-04A4CD261CCC}.Release|x64.ActiveCfg = Release|x64
		{0689D5BA-499C-45E8-87D3-04A4CD261CCC}.Release|x64.Build.0 = Release|x64
		{BCB012C4-D8A7-4F01-B158-2BB6AF00E6B5}.Debug|Any CPU.ActiveCfg = Debug|Any CPU
		{BCB012C4-D8A7-4F01-B158-2BB6AF00E6B5}.Debug|Any CPU.Build.0 = Debug|Any CPU
		{BCB012C4-D8A7-4F01-B158-2BB6AF00E6B5}.Debug|x64.ActiveCfg = Debug|x64
		{BCB012C4-D8A7-4F01-B158-2BB6AF00E6B5}.Debug|x64.Build.0 = Debug|x64
		{BCB012C4-D8A7-4F01-B158-2BB6AF00E6B5}.Release|Any CPU.ActiveCfg = Release|Any CPU
		{BCB012C4-D8A7-4F01-B158-2BB6AF00E6B5}.Release|Any CPU.Build.0 = Release|Any CPU
		{BCB012C4-D8A7-4F01-B158-2BB6AF00E6B5}.Release|x64.ActiveCfg = Release|x64
		{BCB012C4-D8A7-4F01-B158-2BB6AF00E6B5}.Release|x64.Build.0 = Release|x64
		{290188E5-55A5-40C7-A311-4E3474C23789}.Debug|Any CPU.ActiveCfg = Debug|Any CPU
		{290188E5-55A5-40C7-A311-4E3474C23789}.Debug|Any CPU.Build.0 = Debug|Any CPU
		{290188E5-55A5-40C7-A311-4E3474C23789}.Debug|x64.ActiveCfg = Debug|x64
		{290188E5-55A5-40C7-A311-4E3474C23789}.Debug|x64.Build.0 = Debug|x64
		{290188E5-55A5-40C7-A311-4E3474C23789}.Release|Any CPU.ActiveCfg = Release|Any CPU
		{290188E5-55A5-40C7-A311-4E3474C23789}.Release|Any CPU.Build.0 = Release|Any CPU
		{290188E5-55A5-40C7-A311-4E3474C23789}.Release|x64.ActiveCfg = Release|x64
		{290188E5-55A5-40C7-A311-4E3474C23789}.Release|x64.Build.0 = Release|x64
		{8FB6F625-792E-4A72-AB48-5C2F558C74F3}.Debug|Any CPU.ActiveCfg = Debug|Any CPU
		{8FB6F625-792E-4A72-AB48-5C2F558C74F3}.Debug|Any CPU.Build.0 = Debug|Any CPU
		{8FB6F625-792E-4A72-AB48-5C2F558C74F3}.Debug|x64.ActiveCfg = Debug|x64
		{8FB6F625-792E-4A72-AB48-5C2F558C74F3}.Debug|x64.Build.0 = Debug|x64
		{8FB6F625-792E-4A72-AB48-5C2F558C74F3}.Release|Any CPU.ActiveCfg = Release|Any CPU
		{8FB6F625-792E-4A72-AB48-5C2F558C74F3}.Release|Any CPU.Build.0 = Release|Any CPU
		{8FB6F625-792E-4A72-AB48-5C2F558C74F3}.Release|x64.ActiveCfg = Release|x64
		{8FB6F625-792E-4A72-AB48-5C2F558C74F3}.Release|x64.Build.0 = Release|x64
		{AD290551-E7B2-41E0-801D-E8118155AE86}.Debug|Any CPU.ActiveCfg = Debug|Any CPU
		{AD290551-E7B2-41E0-801D-E8118155AE86}.Debug|Any CPU.Build.0 = Debug|Any CPU
		{AD290551-E7B2-41E0-801D-E8118155AE86}.Debug|x64.ActiveCfg = Debug|x64
		{AD290551-E7B2-41E0-801D-E8118155AE86}.Debug|x64.Build.0 = Debug|x64
		{AD290551-E7B2-41E0-801D-E8118155AE86}.Release|Any CPU.ActiveCfg = Release|Any CPU
		{AD290551-E7B2-41E0-801D-E8118155AE86}.Release|Any CPU.Build.0 = Release|Any CPU
		{AD290551-E7B2-41E0-801D-E8118155AE86}.Release|x64.ActiveCfg = Release|x64
		{AD290551-E7B2-41E0-801D-E8118155AE86}.Release|x64.Build.0 = Release|x64
		{1D5E61C2-A0F5-4A69-AF24-EDD274B78359}.Debug|Any CPU.ActiveCfg = Debug|Any CPU
		{1D5E61C2-A0F5-4A69-AF24-EDD274B78359}.Debug|Any CPU.Build.0 = Debug|Any CPU
		{1D5E61C2-A0F5-4A69-AF24-EDD274B78359}.Debug|x64.ActiveCfg = Debug|x64
		{1D5E61C2-A0F5-4A69-AF24-EDD274B78359}.Debug|x64.Build.0 = Debug|x64
		{1D5E61C2-A0F5-4A69-AF24-EDD274B78359}.Release|Any CPU.ActiveCfg = Release|Any CPU
		{1D5E61C2-A0F5-4A69-AF24-EDD274B78359}.Release|Any CPU.Build.0 = Release|Any CPU
		{1D5E61C2-A0F5-4A69-AF24-EDD274B78359}.Release|x64.ActiveCfg = Release|x64
		{1D5E61C2-A0F5-4A69-AF24-EDD274B78359}.Release|x64.Build.0 = Release|x64
		{73FC3AB9-059A-4B08-BA74-D0E91A1205E4}.Debug|Any CPU.ActiveCfg = Debug|Any CPU
		{73FC3AB9-059A-4B08-BA74-D0E91A1205E4}.Debug|Any CPU.Build.0 = Debug|Any CPU
		{73FC3AB9-059A-4B08-BA74-D0E91A1205E4}.Debug|x64.ActiveCfg = Debug|x64
		{73FC3AB9-059A-4B08-BA74-D0E91A1205E4}.Debug|x64.Build.0 = Debug|x64
		{73FC3AB9-059A-4B08-BA74-D0E91A1205E4}.Release|Any CPU.ActiveCfg = Release|Any CPU
		{73FC3AB9-059A-4B08-BA74-D0E91A1205E4}.Release|Any CPU.Build.0 = Release|Any CPU
		{73FC3AB9-059A-4B08-BA74-D0E91A1205E4}.Release|x64.ActiveCfg = Release|x64
		{73FC3AB9-059A-4B08-BA74-D0E91A1205E4}.Release|x64.Build.0 = Release|x64
		{15AC93FE-FF3A-46AE-B0A9-A65074C564D1}.Debug|Any CPU.ActiveCfg = Debug|Any CPU
		{15AC93FE-FF3A-46AE-B0A9-A65074C564D1}.Debug|Any CPU.Build.0 = Debug|Any CPU
		{15AC93FE-FF3A-46AE-B0A9-A65074C564D1}.Debug|x64.ActiveCfg = Debug|x64
		{15AC93FE-FF3A-46AE-B0A9-A65074C564D1}.Debug|x64.Build.0 = Debug|x64
		{15AC93FE-FF3A-46AE-B0A9-A65074C564D1}.Release|Any CPU.ActiveCfg = Release|Any CPU
		{15AC93FE-FF3A-46AE-B0A9-A65074C564D1}.Release|Any CPU.Build.0 = Release|Any CPU
		{15AC93FE-FF3A-46AE-B0A9-A65074C564D1}.Release|x64.ActiveCfg = Release|x64
		{15AC93FE-FF3A-46AE-B0A9-A65074C564D1}.Release|x64.Build.0 = Release|x64
		{AB88B637-13F2-4FC8-BFC1-7664BAD2EB51}.Debug|Any CPU.ActiveCfg = Debug|Any CPU
		{AB88B637-13F2-4FC8-BFC1-7664BAD2EB51}.Debug|Any CPU.Build.0 = Debug|Any CPU
		{AB88B637-13F2-4FC8-BFC1-7664BAD2EB51}.Debug|x64.ActiveCfg = Debug|x64
		{AB88B637-13F2-4FC8-BFC1-7664BAD2EB51}.Debug|x64.Build.0 = Debug|x64
		{AB88B637-13F2-4FC8-BFC1-7664BAD2EB51}.Release|Any CPU.ActiveCfg = Release|Any CPU
		{AB88B637-13F2-4FC8-BFC1-7664BAD2EB51}.Release|Any CPU.Build.0 = Release|Any CPU
		{AB88B637-13F2-4FC8-BFC1-7664BAD2EB51}.Release|x64.ActiveCfg = Release|x64
		{AB88B637-13F2-4FC8-BFC1-7664BAD2EB51}.Release|x64.Build.0 = Release|x64
		{B9ECCCA2-735B-472A-B503-EE2E933B547B}.Debug|Any CPU.ActiveCfg = Debug|Any CPU
		{B9ECCCA2-735B-472A-B503-EE2E933B547B}.Debug|Any CPU.Build.0 = Debug|Any CPU
		{B9ECCCA2-735B-472A-B503-EE2E933B547B}.Debug|x64.ActiveCfg = Debug|x64
		{B9ECCCA2-735B-472A-B503-EE2E933B547B}.Debug|x64.Build.0 = Debug|x64
		{B9ECCCA2-735B-472A-B503-EE2E933B547B}.Release|Any CPU.ActiveCfg = Release|Any CPU
		{B9ECCCA2-735B-472A-B503-EE2E933B547B}.Release|Any CPU.Build.0 = Release|Any CPU
		{B9ECCCA2-735B-472A-B503-EE2E933B547B}.Release|x64.ActiveCfg = Release|x64
		{B9ECCCA2-735B-472A-B503-EE2E933B547B}.Release|x64.Build.0 = Release|x64
		{186F7A43-6415-4F0A-AE75-5B3235D2B0F6}.Debug|Any CPU.ActiveCfg = Debug|Any CPU
		{186F7A43-6415-4F0A-AE75-5B3235D2B0F6}.Debug|Any CPU.Build.0 = Debug|Any CPU
		{186F7A43-6415-4F0A-AE75-5B3235D2B0F6}.Debug|x64.ActiveCfg = Debug|x64
		{186F7A43-6415-4F0A-AE75-5B3235D2B0F6}.Debug|x64.Build.0 = Debug|x64
		{186F7A43-6415-4F0A-AE75-5B3235D2B0F6}.Release|Any CPU.ActiveCfg = Release|Any CPU
		{186F7A43-6415-4F0A-AE75-5B3235D2B0F6}.Release|Any CPU.Build.0 = Release|Any CPU
		{186F7A43-6415-4F0A-AE75-5B3235D2B0F6}.Release|x64.ActiveCfg = Release|x64
		{186F7A43-6415-4F0A-AE75-5B3235D2B0F6}.Release|x64.Build.0 = Release|x64
		{B836F727-9ECF-4F84-B665-076B47A5B9A4}.Debug|Any CPU.ActiveCfg = Debug|Any CPU
		{B836F727-9ECF-4F84-B665-076B47A5B9A4}.Debug|Any CPU.Build.0 = Debug|Any CPU
		{B836F727-9ECF-4F84-B665-076B47A5B9A4}.Debug|x64.ActiveCfg = Debug|Any CPU
		{B836F727-9ECF-4F84-B665-076B47A5B9A4}.Debug|x64.Build.0 = Debug|Any CPU
		{B836F727-9ECF-4F84-B665-076B47A5B9A4}.Release|Any CPU.ActiveCfg = Release|Any CPU
		{B836F727-9ECF-4F84-B665-076B47A5B9A4}.Release|Any CPU.Build.0 = Release|Any CPU
		{B836F727-9ECF-4F84-B665-076B47A5B9A4}.Release|x64.ActiveCfg = Release|Any CPU
		{B836F727-9ECF-4F84-B665-076B47A5B9A4}.Release|x64.Build.0 = Release|Any CPU
		{8B800DCF-12ED-4032-B45B-B9DC2265E098}.Debug|Any CPU.ActiveCfg = Debug|Any CPU
		{8B800DCF-12ED-4032-B45B-B9DC2265E098}.Debug|Any CPU.Build.0 = Debug|Any CPU
		{8B800DCF-12ED-4032-B45B-B9DC2265E098}.Debug|x64.ActiveCfg = Debug|Any CPU
		{8B800DCF-12ED-4032-B45B-B9DC2265E098}.Debug|x64.Build.0 = Debug|Any CPU
		{8B800DCF-12ED-4032-B45B-B9DC2265E098}.Release|Any CPU.ActiveCfg = Release|Any CPU
		{8B800DCF-12ED-4032-B45B-B9DC2265E098}.Release|Any CPU.Build.0 = Release|Any CPU
		{8B800DCF-12ED-4032-B45B-B9DC2265E098}.Release|x64.ActiveCfg = Release|Any CPU
		{8B800DCF-12ED-4032-B45B-B9DC2265E098}.Release|x64.Build.0 = Release|Any CPU
		{99EC4294-8AF4-45C1-BCF3-FE9A5F91ADA5}.Debug|Any CPU.ActiveCfg = Debug|Any CPU
		{99EC4294-8AF4-45C1-BCF3-FE9A5F91ADA5}.Debug|Any CPU.Build.0 = Debug|Any CPU
		{99EC4294-8AF4-45C1-BCF3-FE9A5F91ADA5}.Debug|x64.ActiveCfg = Debug|Any CPU
		{99EC4294-8AF4-45C1-BCF3-FE9A5F91ADA5}.Debug|x64.Build.0 = Debug|Any CPU
		{99EC4294-8AF4-45C1-BCF3-FE9A5F91ADA5}.Release|Any CPU.ActiveCfg = Release|Any CPU
		{99EC4294-8AF4-45C1-BCF3-FE9A5F91ADA5}.Release|Any CPU.Build.0 = Release|Any CPU
		{99EC4294-8AF4-45C1-BCF3-FE9A5F91ADA5}.Release|x64.ActiveCfg = Release|Any CPU
		{99EC4294-8AF4-45C1-BCF3-FE9A5F91ADA5}.Release|x64.Build.0 = Release|Any CPU
	EndGlobalSection
	GlobalSection(SolutionProperties) = preSolution
		HideSolutionNode = FALSE
	EndGlobalSection
	GlobalSection(ExtensibilityGlobals) = postSolution
		SolutionGuid = {0551D981-FB17-4B12-B1A3-76A7425B73DA}
	EndGlobalSection
EndGlobal
