
Microsoft Visual Studio Solution File, Format Version 12.00
# Visual Studio Version 18
VisualStudioVersion = 18.2.11415.280 d18.0
MinimumVisualStudioVersion = 10.0.40219.1
Project("{9A19103F-16F7-4668-BE54-9A1E7A4F7556}") = "PicSum.Main", "PicSum.Main\PicSum.Main.csproj", "{0689D5BA-499C-45E8-87D3-04A4CD261CCC}"
EndProject
Project("{9A19103F-16F7-4668-BE54-9A1E7A4F7556}") = "PicSum.UIComponent.AddressBar", "PicSum.UIComponent.AddressBar\PicSum.UIComponent.AddressBar.csproj", "{290188E5-55A5-40C7-A311-4E3474C23789}"
EndProject
Project("{9A19103F-16F7-4668-BE54-9A1E7A4F7556}") = "PicSum.UIComponent.Contents", "PicSum.UIComponent.Contents\PicSum.UIComponent.Contents.csproj", "{8FB6F625-792E-4A72-AB48-5C2F558C74F3}"
EndProject
Project("{9A19103F-16F7-4668-BE54-9A1E7A4F7556}") = "PicSum.UIComponent.InfoPanel", "PicSum.UIComponent.InfoPanel\PicSum.UIComponent.InfoPanel.csproj", "{AD290551-E7B2-41E0-801D-E8118155AE86}"
EndProject
Project("{9A19103F-16F7-4668-BE54-9A1E7A4F7556}") = "SWF.UIComponent.FlowList", "SWF.UIComponent.FlowList\SWF.UIComponent.FlowList.csproj", "{15AC93FE-FF3A-46AE-B0A9-A65074C564D1}"
EndProject
Project("{9A19103F-16F7-4668-BE54-9A1E7A4F7556}") = "SWF.UIComponent.TabOperation", "SWF.UIComponent.TabOperation\SWF.UIComponent.TabOperation.csproj", "{B9ECCCA2-735B-472A-B503-EE2E933B547B}"
EndProject
Project("{9A19103F-16F7-4668-BE54-9A1E7A4F7556}") = "WinApi", "WinApi\WinApi.csproj", "{186F7A43-6415-4F0A-AE75-5B3235D2B0F6}"
EndProject
Project("{9A19103F-16F7-4668-BE54-9A1E7A4F7556}") = "SWF.UIComponent.WideDropDown", "SWF.UIComponent.WideDropDown\SWF.UIComponent.WideDropDown.csproj", "{B836F727-9ECF-4F84-B665-076B47A5B9A4}"
EndProject
Project("{9A19103F-16F7-4668-BE54-9A1E7A4F7556}") = "SWF.UIComponent.Form", "SWF.UIComponent.Form\SWF.UIComponent.Form.csproj", "{8B800DCF-12ED-4032-B45B-B9DC2265E098}"
EndProject
Project("{9A19103F-16F7-4668-BE54-9A1E7A4F7556}") = "PicSum.Job", "PicSum.Job\PicSum.Job.csproj", "{4A62F894-9A5F-4EB4-8FD2-6B25D2720C5B}"
EndProject
Project("{9A19103F-16F7-4668-BE54-9A1E7A4F7556}") = "SWF.Core.Base", "SWF.Core.Base\SWF.Core.Base.csproj", "{C9DC1C59-D9ED-48DD-A03B-F57895AE4F4E}"
EndProject
Project("{9A19103F-16F7-4668-BE54-9A1E7A4F7556}") = "SWF.Core.ImageAccessor", "SWF.Core.ImageAccessor\SWF.Core.ImageAccessor.csproj", "{C570970A-20AD-4C67-BDCC-DD99B50EDA08}"
EndProject
Project("{9A19103F-16F7-4668-BE54-9A1E7A4F7556}") = "SWF.Core.DatabaseAccessor", "SWF.Core.DatabaseAccessor\SWF.Core.DatabaseAccessor.csproj", "{6BAF7636-BDDD-48E8-B1A0-9B7347CB0274}"
EndProject
Project("{9A19103F-16F7-4668-BE54-9A1E7A4F7556}") = "PicSum.DatabaseAccessor", "PicSum.DatabaseAccessor\PicSum.DatabaseAccessor.csproj", "{582176BE-AFFA-4783-B615-920161032725}"
EndProject
Project("{9A19103F-16F7-4668-BE54-9A1E7A4F7556}") = "SWF.Core.Job", "SWF.Core.Job\SWF.Core.Job.csproj", "{92448D92-E332-400A-ACCF-934F1ABA91EF}"
EndProject
Project("{C7167F0D-BC9F-4E6E-AFE1-012C56B48DB5}") = "PicSum.Setup", "PicSum.Setup\PicSum.Setup.wapproj", "{BE886720-F7D2-47CE-8950-B5E69205CFC5}"
EndProject
Project("{FAE04EC0-301F-11D3-BF4B-00C04F79EFBC}") = "SWF.Core.StringAccessor", "SWF.Core.StringAccessor\SWF.Core.StringAccessor.csproj", "{7776A262-A003-FCF7-C1B7-E3CEF4BE3BE6}"
EndProject
Project("{FAE04EC0-301F-11D3-BF4B-00C04F79EFBC}") = "SWF.Core.FileAccessor", "SWF.Core.FileAccessor\SWF.Core.FileAccessor.csproj", "{5FAA3D88-7934-0077-F9FB-1D225C42E9CA}"
EndProject
Project("{FAE04EC0-301F-11D3-BF4B-00C04F79EFBC}") = "SWF.Core.ResourceAccessor", "SWF.Core.ResourceAccessor\SWF.Core.ResourceAccessor.csproj", "{B01F01A0-7F92-1003-8040-BBA1A177DE6E}"
EndProject
Project("{FAE04EC0-301F-11D3-BF4B-00C04F79EFBC}") = "SWF.UIComponent.Base", "SWF.UIComponent.Base\SWF.UIComponent.Base.csproj", "{D2A43C01-82AE-3FA1-9DF5-6F552B721F40}"
EndProject
Project("{2150E333-8FDC-42A3-9474-1A3956D46DE8}") = "ソリューション項目", "ソリューション項目", "{2022CB0F-8BAF-F49E-0C48-8EF4C96EC109}"
	ProjectSection(SolutionItems) = preProject
		.editorconfig = .editorconfig
		Directory.Build.props = Directory.Build.props
	EndProjectSection
EndProject
Project("{FAE04EC0-301F-11D3-BF4B-00C04F79EFBC}") = "SWF.UIComponent.SKFlowList", "SWF.UIComponent.SKFlowList\SWF.UIComponent.SKFlowList.csproj", "{BAC123C8-2181-F2B5-3B30-7CAAB073E64E}"
EndProject
Global
	GlobalSection(SolutionConfigurationPlatforms) = preSolution
		Debug|Any CPU = Debug|Any CPU
		Debug|ARM32 = Debug|ARM32
		Debug|ARM64 = Debug|ARM64
		Debug|x64 = Debug|x64
		Debug|x86 = Debug|x86
		Develop|Any CPU = Develop|Any CPU
		Develop|ARM32 = Develop|ARM32
		Develop|ARM64 = Develop|ARM64
		Develop|x64 = Develop|x64
		Develop|x86 = Develop|x86
		Release|Any CPU = Release|Any CPU
		Release|ARM32 = Release|ARM32
		Release|ARM64 = Release|ARM64
		Release|x64 = Release|x64
		Release|x86 = Release|x86
		UWP|Any CPU = UWP|Any CPU
		UWP|ARM32 = UWP|ARM32
		UWP|ARM64 = UWP|ARM64
		UWP|x64 = UWP|x64
		UWP|x86 = UWP|x86
	EndGlobalSection
	GlobalSection(ProjectConfigurationPlatforms) = postSolution
		{0689D5BA-499C-45E8-87D3-04A4CD261CCC}.Debug|Any CPU.ActiveCfg = Debug|Any CPU
		{0689D5BA-499C-45E8-87D3-04A4CD261CCC}.Debug|Any CPU.Build.0 = Debug|Any CPU
		{0689D5BA-499C-45E8-87D3-04A4CD261CCC}.Debug|ARM32.ActiveCfg = Debug|ARM32
		{0689D5BA-499C-45E8-87D3-04A4CD261CCC}.Debug|ARM32.Build.0 = Debug|ARM32
		{0689D5BA-499C-45E8-87D3-04A4CD261CCC}.Debug|ARM64.ActiveCfg = Debug|ARM64
		{0689D5BA-499C-45E8-87D3-04A4CD261CCC}.Debug|ARM64.Build.0 = Debug|ARM64
		{0689D5BA-499C-45E8-87D3-04A4CD261CCC}.Debug|x64.ActiveCfg = Debug|x64
		{0689D5BA-499C-45E8-87D3-04A4CD261CCC}.Debug|x64.Build.0 = Debug|x64
		{0689D5BA-499C-45E8-87D3-04A4CD261CCC}.Debug|x86.ActiveCfg = Debug|x86
		{0689D5BA-499C-45E8-87D3-04A4CD261CCC}.Debug|x86.Build.0 = Debug|x86
		{0689D5BA-499C-45E8-87D3-04A4CD261CCC}.Develop|Any CPU.ActiveCfg = Develop|Any CPU
		{0689D5BA-499C-45E8-87D3-04A4CD261CCC}.Develop|Any CPU.Build.0 = Develop|Any CPU
		{0689D5BA-499C-45E8-87D3-04A4CD261CCC}.Develop|ARM32.ActiveCfg = Develop|ARM32
		{0689D5BA-499C-45E8-87D3-04A4CD261CCC}.Develop|ARM32.Build.0 = Develop|ARM32
		{0689D5BA-499C-45E8-87D3-04A4CD261CCC}.Develop|ARM64.ActiveCfg = Develop|ARM64
		{0689D5BA-499C-45E8-87D3-04A4CD261CCC}.Develop|ARM64.Build.0 = Develop|ARM64
		{0689D5BA-499C-45E8-87D3-04A4CD261CCC}.Develop|x64.ActiveCfg = Develop|x64
		{0689D5BA-499C-45E8-87D3-04A4CD261CCC}.Develop|x64.Build.0 = Develop|x64
		{0689D5BA-499C-45E8-87D3-04A4CD261CCC}.Develop|x86.ActiveCfg = Develop|x86
		{0689D5BA-499C-45E8-87D3-04A4CD261CCC}.Develop|x86.Build.0 = Develop|x86
		{0689D5BA-499C-45E8-87D3-04A4CD261CCC}.Release|Any CPU.ActiveCfg = Release|Any CPU
		{0689D5BA-499C-45E8-87D3-04A4CD261CCC}.Release|Any CPU.Build.0 = Release|Any CPU
		{0689D5BA-499C-45E8-87D3-04A4CD261CCC}.Release|ARM32.ActiveCfg = Release|ARM32
		{0689D5BA-499C-45E8-87D3-04A4CD261CCC}.Release|ARM32.Build.0 = Release|ARM32
		{0689D5BA-499C-45E8-87D3-04A4CD261CCC}.Release|ARM64.ActiveCfg = Release|ARM64
		{0689D5BA-499C-45E8-87D3-04A4CD261CCC}.Release|ARM64.Build.0 = Release|ARM64
		{0689D5BA-499C-45E8-87D3-04A4CD261CCC}.Release|x64.ActiveCfg = Release|x64
		{0689D5BA-499C-45E8-87D3-04A4CD261CCC}.Release|x64.Build.0 = Release|x64
		{0689D5BA-499C-45E8-87D3-04A4CD261CCC}.Release|x86.ActiveCfg = Release|x86
		{0689D5BA-499C-45E8-87D3-04A4CD261CCC}.Release|x86.Build.0 = Release|x86
		{0689D5BA-499C-45E8-87D3-04A4CD261CCC}.UWP|Any CPU.ActiveCfg = UWP|Any CPU
		{0689D5BA-499C-45E8-87D3-04A4CD261CCC}.UWP|Any CPU.Build.0 = UWP|Any CPU
		{0689D5BA-499C-45E8-87D3-04A4CD261CCC}.UWP|ARM32.ActiveCfg = UWP|ARM32
		{0689D5BA-499C-45E8-87D3-04A4CD261CCC}.UWP|ARM32.Build.0 = UWP|ARM32
		{0689D5BA-499C-45E8-87D3-04A4CD261CCC}.UWP|ARM64.ActiveCfg = UWP|ARM64
		{0689D5BA-499C-45E8-87D3-04A4CD261CCC}.UWP|ARM64.Build.0 = UWP|ARM64
		{0689D5BA-499C-45E8-87D3-04A4CD261CCC}.UWP|x64.ActiveCfg = UWP|x64
		{0689D5BA-499C-45E8-87D3-04A4CD261CCC}.UWP|x64.Build.0 = UWP|x64
		{0689D5BA-499C-45E8-87D3-04A4CD261CCC}.UWP|x86.ActiveCfg = UWP|x86
		{0689D5BA-499C-45E8-87D3-04A4CD261CCC}.UWP|x86.Build.0 = UWP|x86
		{290188E5-55A5-40C7-A311-4E3474C23789}.Debug|Any CPU.ActiveCfg = Debug|Any CPU
		{290188E5-55A5-40C7-A311-4E3474C23789}.Debug|Any CPU.Build.0 = Debug|Any CPU
		{290188E5-55A5-40C7-A311-4E3474C23789}.Debug|ARM32.ActiveCfg = Debug|ARM32
		{290188E5-55A5-40C7-A311-4E3474C23789}.Debug|ARM32.Build.0 = Debug|ARM32
		{290188E5-55A5-40C7-A311-4E3474C23789}.Debug|ARM64.ActiveCfg = Debug|ARM64
		{290188E5-55A5-40C7-A311-4E3474C23789}.Debug|ARM64.Build.0 = Debug|ARM64
		{290188E5-55A5-40C7-A311-4E3474C23789}.Debug|x64.ActiveCfg = Debug|x64
		{290188E5-55A5-40C7-A311-4E3474C23789}.Debug|x64.Build.0 = Debug|x64
		{290188E5-55A5-40C7-A311-4E3474C23789}.Debug|x86.ActiveCfg = Debug|x86
		{290188E5-55A5-40C7-A311-4E3474C23789}.Debug|x86.Build.0 = Debug|x86
		{290188E5-55A5-40C7-A311-4E3474C23789}.Develop|Any CPU.ActiveCfg = Develop|Any CPU
		{290188E5-55A5-40C7-A311-4E3474C23789}.Develop|Any CPU.Build.0 = Develop|Any CPU
		{290188E5-55A5-40C7-A311-4E3474C23789}.Develop|ARM32.ActiveCfg = Develop|ARM32
		{290188E5-55A5-40C7-A311-4E3474C23789}.Develop|ARM32.Build.0 = Develop|ARM32
		{290188E5-55A5-40C7-A311-4E3474C23789}.Develop|ARM64.ActiveCfg = Develop|ARM64
		{290188E5-55A5-40C7-A311-4E3474C23789}.Develop|ARM64.Build.0 = Develop|ARM64
		{290188E5-55A5-40C7-A311-4E3474C23789}.Develop|x64.ActiveCfg = Develop|x64
		{290188E5-55A5-40C7-A311-4E3474C23789}.Develop|x64.Build.0 = Develop|x64
		{290188E5-55A5-40C7-A311-4E3474C23789}.Develop|x86.ActiveCfg = Develop|x86
		{290188E5-55A5-40C7-A311-4E3474C23789}.Develop|x86.Build.0 = Develop|x86
		{290188E5-55A5-40C7-A311-4E3474C23789}.Release|Any CPU.ActiveCfg = Release|Any CPU
		{290188E5-55A5-40C7-A311-4E3474C23789}.Release|Any CPU.Build.0 = Release|Any CPU
		{290188E5-55A5-40C7-A311-4E3474C23789}.Release|ARM32.ActiveCfg = Release|ARM32
		{290188E5-55A5-40C7-A311-4E3474C23789}.Release|ARM32.Build.0 = Release|ARM32
		{290188E5-55A5-40C7-A311-4E3474C23789}.Release|ARM64.ActiveCfg = Release|ARM64
		{290188E5-55A5-40C7-A311-4E3474C23789}.Release|ARM64.Build.0 = Release|ARM64
		{290188E5-55A5-40C7-A311-4E3474C23789}.Release|x64.ActiveCfg = Release|x64
		{290188E5-55A5-40C7-A311-4E3474C23789}.Release|x64.Build.0 = Release|x64
		{290188E5-55A5-40C7-A311-4E3474C23789}.Release|x86.ActiveCfg = Release|x86
		{290188E5-55A5-40C7-A311-4E3474C23789}.Release|x86.Build.0 = Release|x86
		{290188E5-55A5-40C7-A311-4E3474C23789}.UWP|Any CPU.ActiveCfg = UWP|Any CPU
		{290188E5-55A5-40C7-A311-4E3474C23789}.UWP|Any CPU.Build.0 = UWP|Any CPU
		{290188E5-55A5-40C7-A311-4E3474C23789}.UWP|ARM32.ActiveCfg = UWP|ARM32
		{290188E5-55A5-40C7-A311-4E3474C23789}.UWP|ARM32.Build.0 = UWP|ARM32
		{290188E5-55A5-40C7-A311-4E3474C23789}.UWP|ARM64.ActiveCfg = UWP|ARM64
		{290188E5-55A5-40C7-A311-4E3474C23789}.UWP|ARM64.Build.0 = UWP|ARM64
		{290188E5-55A5-40C7-A311-4E3474C23789}.UWP|x64.ActiveCfg = UWP|x64
		{290188E5-55A5-40C7-A311-4E3474C23789}.UWP|x64.Build.0 = UWP|x64
		{290188E5-55A5-40C7-A311-4E3474C23789}.UWP|x86.ActiveCfg = UWP|x86
		{290188E5-55A5-40C7-A311-4E3474C23789}.UWP|x86.Build.0 = UWP|x86
		{8FB6F625-792E-4A72-AB48-5C2F558C74F3}.Debug|Any CPU.ActiveCfg = Debug|Any CPU
		{8FB6F625-792E-4A72-AB48-5C2F558C74F3}.Debug|Any CPU.Build.0 = Debug|Any CPU
		{8FB6F625-792E-4A72-AB48-5C2F558C74F3}.Debug|ARM32.ActiveCfg = Debug|ARM32
		{8FB6F625-792E-4A72-AB48-5C2F558C74F3}.Debug|ARM32.Build.0 = Debug|ARM32
		{8FB6F625-792E-4A72-AB48-5C2F558C74F3}.Debug|ARM64.ActiveCfg = Debug|ARM64
		{8FB6F625-792E-4A72-AB48-5C2F558C74F3}.Debug|ARM64.Build.0 = Debug|ARM64
		{8FB6F625-792E-4A72-AB48-5C2F558C74F3}.Debug|x64.ActiveCfg = Debug|x64
		{8FB6F625-792E-4A72-AB48-5C2F558C74F3}.Debug|x64.Build.0 = Debug|x64
		{8FB6F625-792E-4A72-AB48-5C2F558C74F3}.Debug|x86.ActiveCfg = Debug|x86
		{8FB6F625-792E-4A72-AB48-5C2F558C74F3}.Debug|x86.Build.0 = Debug|x86
		{8FB6F625-792E-4A72-AB48-5C2F558C74F3}.Develop|Any CPU.ActiveCfg = Develop|Any CPU
		{8FB6F625-792E-4A72-AB48-5C2F558C74F3}.Develop|Any CPU.Build.0 = Develop|Any CPU
		{8FB6F625-792E-4A72-AB48-5C2F558C74F3}.Develop|ARM32.ActiveCfg = Develop|ARM32
		{8FB6F625-792E-4A72-AB48-5C2F558C74F3}.Develop|ARM32.Build.0 = Develop|ARM32
		{8FB6F625-792E-4A72-AB48-5C2F558C74F3}.Develop|ARM64.ActiveCfg = Develop|ARM64
		{8FB6F625-792E-4A72-AB48-5C2F558C74F3}.Develop|ARM64.Build.0 = Develop|ARM64
		{8FB6F625-792E-4A72-AB48-5C2F558C74F3}.Develop|x64.ActiveCfg = Develop|x64
		{8FB6F625-792E-4A72-AB48-5C2F558C74F3}.Develop|x64.Build.0 = Develop|x64
		{8FB6F625-792E-4A72-AB48-5C2F558C74F3}.Develop|x86.ActiveCfg = Develop|x86
		{8FB6F625-792E-4A72-AB48-5C2F558C74F3}.Develop|x86.Build.0 = Develop|x86
		{8FB6F625-792E-4A72-AB48-5C2F558C74F3}.Release|Any CPU.ActiveCfg = Release|Any CPU
		{8FB6F625-792E-4A72-AB48-5C2F558C74F3}.Release|Any CPU.Build.0 = Release|Any CPU
		{8FB6F625-792E-4A72-AB48-5C2F558C74F3}.Release|ARM32.ActiveCfg = Release|ARM32
		{8FB6F625-792E-4A72-AB48-5C2F558C74F3}.Release|ARM32.Build.0 = Release|ARM32
		{8FB6F625-792E-4A72-AB48-5C2F558C74F3}.Release|ARM64.ActiveCfg = Release|ARM64
		{8FB6F625-792E-4A72-AB48-5C2F558C74F3}.Release|ARM64.Build.0 = Release|ARM64
		{8FB6F625-792E-4A72-AB48-5C2F558C74F3}.Release|x64.ActiveCfg = Release|x64
		{8FB6F625-792E-4A72-AB48-5C2F558C74F3}.Release|x64.Build.0 = Release|x64
		{8FB6F625-792E-4A72-AB48-5C2F558C74F3}.Release|x86.ActiveCfg = Release|x86
		{8FB6F625-792E-4A72-AB48-5C2F558C74F3}.Release|x86.Build.0 = Release|x86
		{8FB6F625-792E-4A72-AB48-5C2F558C74F3}.UWP|Any CPU.ActiveCfg = UWP|Any CPU
		{8FB6F625-792E-4A72-AB48-5C2F558C74F3}.UWP|Any CPU.Build.0 = UWP|Any CPU
		{8FB6F625-792E-4A72-AB48-5C2F558C74F3}.UWP|ARM32.ActiveCfg = UWP|ARM32
		{8FB6F625-792E-4A72-AB48-5C2F558C74F3}.UWP|ARM32.Build.0 = UWP|ARM32
		{8FB6F625-792E-4A72-AB48-5C2F558C74F3}.UWP|ARM64.ActiveCfg = UWP|ARM64
		{8FB6F625-792E-4A72-AB48-5C2F558C74F3}.UWP|ARM64.Build.0 = UWP|ARM64
		{8FB6F625-792E-4A72-AB48-5C2F558C74F3}.UWP|x64.ActiveCfg = UWP|x64
		{8FB6F625-792E-4A72-AB48-5C2F558C74F3}.UWP|x64.Build.0 = UWP|x64
		{8FB6F625-792E-4A72-AB48-5C2F558C74F3}.UWP|x86.ActiveCfg = UWP|x86
		{8FB6F625-792E-4A72-AB48-5C2F558C74F3}.UWP|x86.Build.0 = UWP|x86
		{AD290551-E7B2-41E0-801D-E8118155AE86}.Debug|Any CPU.ActiveCfg = Debug|Any CPU
		{AD290551-E7B2-41E0-801D-E8118155AE86}.Debug|Any CPU.Build.0 = Debug|Any CPU
		{AD290551-E7B2-41E0-801D-E8118155AE86}.Debug|ARM32.ActiveCfg = Debug|ARM32
		{AD290551-E7B2-41E0-801D-E8118155AE86}.Debug|ARM32.Build.0 = Debug|ARM32
		{AD290551-E7B2-41E0-801D-E8118155AE86}.Debug|ARM64.ActiveCfg = Debug|ARM64
		{AD290551-E7B2-41E0-801D-E8118155AE86}.Debug|ARM64.Build.0 = Debug|ARM64
		{AD290551-E7B2-41E0-801D-E8118155AE86}.Debug|x64.ActiveCfg = Debug|x64
		{AD290551-E7B2-41E0-801D-E8118155AE86}.Debug|x64.Build.0 = Debug|x64
		{AD290551-E7B2-41E0-801D-E8118155AE86}.Debug|x86.ActiveCfg = Debug|x86
		{AD290551-E7B2-41E0-801D-E8118155AE86}.Debug|x86.Build.0 = Debug|x86
		{AD290551-E7B2-41E0-801D-E8118155AE86}.Develop|Any CPU.ActiveCfg = Develop|Any CPU
		{AD290551-E7B2-41E0-801D-E8118155AE86}.Develop|Any CPU.Build.0 = Develop|Any CPU
		{AD290551-E7B2-41E0-801D-E8118155AE86}.Develop|ARM32.ActiveCfg = Develop|ARM32
		{AD290551-E7B2-41E0-801D-E8118155AE86}.Develop|ARM32.Build.0 = Develop|ARM32
		{AD290551-E7B2-41E0-801D-E8118155AE86}.Develop|ARM64.ActiveCfg = Develop|ARM64
		{AD290551-E7B2-41E0-801D-E8118155AE86}.Develop|ARM64.Build.0 = Develop|ARM64
		{AD290551-E7B2-41E0-801D-E8118155AE86}.Develop|x64.ActiveCfg = Develop|x64
		{AD290551-E7B2-41E0-801D-E8118155AE86}.Develop|x64.Build.0 = Develop|x64
		{AD290551-E7B2-41E0-801D-E8118155AE86}.Develop|x86.ActiveCfg = Develop|x86
		{AD290551-E7B2-41E0-801D-E8118155AE86}.Develop|x86.Build.0 = Develop|x86
		{AD290551-E7B2-41E0-801D-E8118155AE86}.Release|Any CPU.ActiveCfg = Release|Any CPU
		{AD290551-E7B2-41E0-801D-E8118155AE86}.Release|Any CPU.Build.0 = Release|Any CPU
		{AD290551-E7B2-41E0-801D-E8118155AE86}.Release|ARM32.ActiveCfg = Release|ARM32
		{AD290551-E7B2-41E0-801D-E8118155AE86}.Release|ARM32.Build.0 = Release|ARM32
		{AD290551-E7B2-41E0-801D-E8118155AE86}.Release|ARM64.ActiveCfg = Release|ARM64
		{AD290551-E7B2-41E0-801D-E8118155AE86}.Release|ARM64.Build.0 = Release|ARM64
		{AD290551-E7B2-41E0-801D-E8118155AE86}.Release|x64.ActiveCfg = Release|x64
		{AD290551-E7B2-41E0-801D-E8118155AE86}.Release|x64.Build.0 = Release|x64
		{AD290551-E7B2-41E0-801D-E8118155AE86}.Release|x86.ActiveCfg = Release|x86
		{AD290551-E7B2-41E0-801D-E8118155AE86}.Release|x86.Build.0 = Release|x86
		{AD290551-E7B2-41E0-801D-E8118155AE86}.UWP|Any CPU.ActiveCfg = UWP|Any CPU
		{AD290551-E7B2-41E0-801D-E8118155AE86}.UWP|Any CPU.Build.0 = UWP|Any CPU
		{AD290551-E7B2-41E0-801D-E8118155AE86}.UWP|ARM32.ActiveCfg = UWP|ARM32
		{AD290551-E7B2-41E0-801D-E8118155AE86}.UWP|ARM32.Build.0 = UWP|ARM32
		{AD290551-E7B2-41E0-801D-E8118155AE86}.UWP|ARM64.ActiveCfg = UWP|ARM64
		{AD290551-E7B2-41E0-801D-E8118155AE86}.UWP|ARM64.Build.0 = UWP|ARM64
		{AD290551-E7B2-41E0-801D-E8118155AE86}.UWP|x64.ActiveCfg = UWP|x64
		{AD290551-E7B2-41E0-801D-E8118155AE86}.UWP|x64.Build.0 = UWP|x64
		{AD290551-E7B2-41E0-801D-E8118155AE86}.UWP|x86.ActiveCfg = UWP|x86
		{AD290551-E7B2-41E0-801D-E8118155AE86}.UWP|x86.Build.0 = UWP|x86
		{15AC93FE-FF3A-46AE-B0A9-A65074C564D1}.Debug|Any CPU.ActiveCfg = Debug|Any CPU
		{15AC93FE-FF3A-46AE-B0A9-A65074C564D1}.Debug|Any CPU.Build.0 = Debug|Any CPU
		{15AC93FE-FF3A-46AE-B0A9-A65074C564D1}.Debug|ARM32.ActiveCfg = Debug|ARM32
		{15AC93FE-FF3A-46AE-B0A9-A65074C564D1}.Debug|ARM32.Build.0 = Debug|ARM32
		{15AC93FE-FF3A-46AE-B0A9-A65074C564D1}.Debug|ARM64.ActiveCfg = Debug|ARM64
		{15AC93FE-FF3A-46AE-B0A9-A65074C564D1}.Debug|ARM64.Build.0 = Debug|ARM64
		{15AC93FE-FF3A-46AE-B0A9-A65074C564D1}.Debug|x64.ActiveCfg = Debug|x64
		{15AC93FE-FF3A-46AE-B0A9-A65074C564D1}.Debug|x64.Build.0 = Debug|x64
		{15AC93FE-FF3A-46AE-B0A9-A65074C564D1}.Debug|x86.ActiveCfg = Debug|x86
		{15AC93FE-FF3A-46AE-B0A9-A65074C564D1}.Debug|x86.Build.0 = Debug|x86
		{15AC93FE-FF3A-46AE-B0A9-A65074C564D1}.Develop|Any CPU.ActiveCfg = Develop|Any CPU
		{15AC93FE-FF3A-46AE-B0A9-A65074C564D1}.Develop|Any CPU.Build.0 = Develop|Any CPU
		{15AC93FE-FF3A-46AE-B0A9-A65074C564D1}.Develop|ARM32.ActiveCfg = Develop|ARM32
		{15AC93FE-FF3A-46AE-B0A9-A65074C564D1}.Develop|ARM32.Build.0 = Develop|ARM32
		{15AC93FE-FF3A-46AE-B0A9-A65074C564D1}.Develop|ARM64.ActiveCfg = Develop|ARM64
		{15AC93FE-FF3A-46AE-B0A9-A65074C564D1}.Develop|ARM64.Build.0 = Develop|ARM64
		{15AC93FE-FF3A-46AE-B0A9-A65074C564D1}.Develop|x64.ActiveCfg = Develop|x64
		{15AC93FE-FF3A-46AE-B0A9-A65074C564D1}.Develop|x64.Build.0 = Develop|x64
		{15AC93FE-FF3A-46AE-B0A9-A65074C564D1}.Develop|x86.ActiveCfg = Develop|x86
		{15AC93FE-FF3A-46AE-B0A9-A65074C564D1}.Develop|x86.Build.0 = Develop|x86
		{15AC93FE-FF3A-46AE-B0A9-A65074C564D1}.Release|Any CPU.ActiveCfg = Release|Any CPU
		{15AC93FE-FF3A-46AE-B0A9-A65074C564D1}.Release|Any CPU.Build.0 = Release|Any CPU
		{15AC93FE-FF3A-46AE-B0A9-A65074C564D1}.Release|ARM32.ActiveCfg = Release|ARM32
		{15AC93FE-FF3A-46AE-B0A9-A65074C564D1}.Release|ARM32.Build.0 = Release|ARM32
		{15AC93FE-FF3A-46AE-B0A9-A65074C564D1}.Release|ARM64.ActiveCfg = Release|ARM64
		{15AC93FE-FF3A-46AE-B0A9-A65074C564D1}.Release|ARM64.Build.0 = Release|ARM64
		{15AC93FE-FF3A-46AE-B0A9-A65074C564D1}.Release|x64.ActiveCfg = Release|x64
		{15AC93FE-FF3A-46AE-B0A9-A65074C564D1}.Release|x64.Build.0 = Release|x64
		{15AC93FE-FF3A-46AE-B0A9-A65074C564D1}.Release|x86.ActiveCfg = Release|x86
		{15AC93FE-FF3A-46AE-B0A9-A65074C564D1}.Release|x86.Build.0 = Release|x86
		{15AC93FE-FF3A-46AE-B0A9-A65074C564D1}.UWP|Any CPU.ActiveCfg = UWP|Any CPU
		{15AC93FE-FF3A-46AE-B0A9-A65074C564D1}.UWP|Any CPU.Build.0 = UWP|Any CPU
		{15AC93FE-FF3A-46AE-B0A9-A65074C564D1}.UWP|ARM32.ActiveCfg = UWP|ARM32
		{15AC93FE-FF3A-46AE-B0A9-A65074C564D1}.UWP|ARM32.Build.0 = UWP|ARM32
		{15AC93FE-FF3A-46AE-B0A9-A65074C564D1}.UWP|ARM64.ActiveCfg = UWP|ARM64
		{15AC93FE-FF3A-46AE-B0A9-A65074C564D1}.UWP|ARM64.Build.0 = UWP|ARM64
		{15AC93FE-FF3A-46AE-B0A9-A65074C564D1}.UWP|x64.ActiveCfg = UWP|x64
		{15AC93FE-FF3A-46AE-B0A9-A65074C564D1}.UWP|x64.Build.0 = UWP|x64
		{15AC93FE-FF3A-46AE-B0A9-A65074C564D1}.UWP|x86.ActiveCfg = UWP|x86
		{15AC93FE-FF3A-46AE-B0A9-A65074C564D1}.UWP|x86.Build.0 = UWP|x86
		{B9ECCCA2-735B-472A-B503-EE2E933B547B}.Debug|Any CPU.ActiveCfg = Debug|Any CPU
		{B9ECCCA2-735B-472A-B503-EE2E933B547B}.Debug|Any CPU.Build.0 = Debug|Any CPU
		{B9ECCCA2-735B-472A-B503-EE2E933B547B}.Debug|ARM32.ActiveCfg = Debug|ARM32
		{B9ECCCA2-735B-472A-B503-EE2E933B547B}.Debug|ARM32.Build.0 = Debug|ARM32
		{B9ECCCA2-735B-472A-B503-EE2E933B547B}.Debug|ARM64.ActiveCfg = Debug|ARM64
		{B9ECCCA2-735B-472A-B503-EE2E933B547B}.Debug|ARM64.Build.0 = Debug|ARM64
		{B9ECCCA2-735B-472A-B503-EE2E933B547B}.Debug|x64.ActiveCfg = Debug|x64
		{B9ECCCA2-735B-472A-B503-EE2E933B547B}.Debug|x64.Build.0 = Debug|x64
		{B9ECCCA2-735B-472A-B503-EE2E933B547B}.Debug|x86.ActiveCfg = Debug|x86
		{B9ECCCA2-735B-472A-B503-EE2E933B547B}.Debug|x86.Build.0 = Debug|x86
		{B9ECCCA2-735B-472A-B503-EE2E933B547B}.Develop|Any CPU.ActiveCfg = Develop|Any CPU
		{B9ECCCA2-735B-472A-B503-EE2E933B547B}.Develop|Any CPU.Build.0 = Develop|Any CPU
		{B9ECCCA2-735B-472A-B503-EE2E933B547B}.Develop|ARM32.ActiveCfg = Develop|ARM32
		{B9ECCCA2-735B-472A-B503-EE2E933B547B}.Develop|ARM32.Build.0 = Develop|ARM32
		{B9ECCCA2-735B-472A-B503-EE2E933B547B}.Develop|ARM64.ActiveCfg = Develop|ARM64
		{B9ECCCA2-735B-472A-B503-EE2E933B547B}.Develop|ARM64.Build.0 = Develop|ARM64
		{B9ECCCA2-735B-472A-B503-EE2E933B547B}.Develop|x64.ActiveCfg = Develop|x64
		{B9ECCCA2-735B-472A-B503-EE2E933B547B}.Develop|x64.Build.0 = Develop|x64
		{B9ECCCA2-735B-472A-B503-EE2E933B547B}.Develop|x86.ActiveCfg = Develop|x86
		{B9ECCCA2-735B-472A-B503-EE2E933B547B}.Develop|x86.Build.0 = Develop|x86
		{B9ECCCA2-735B-472A-B503-EE2E933B547B}.Release|Any CPU.ActiveCfg = Release|Any CPU
		{B9ECCCA2-735B-472A-B503-EE2E933B547B}.Release|Any CPU.Build.0 = Release|Any CPU
		{B9ECCCA2-735B-472A-B503-EE2E933B547B}.Release|ARM32.ActiveCfg = Release|ARM32
		{B9ECCCA2-735B-472A-B503-EE2E933B547B}.Release|ARM32.Build.0 = Release|ARM32
		{B9ECCCA2-735B-472A-B503-EE2E933B547B}.Release|ARM64.ActiveCfg = Release|ARM64
		{B9ECCCA2-735B-472A-B503-EE2E933B547B}.Release|ARM64.Build.0 = Release|ARM64
		{B9ECCCA2-735B-472A-B503-EE2E933B547B}.Release|x64.ActiveCfg = Release|x64
		{B9ECCCA2-735B-472A-B503-EE2E933B547B}.Release|x64.Build.0 = Release|x64
		{B9ECCCA2-735B-472A-B503-EE2E933B547B}.Release|x86.ActiveCfg = Release|x86
		{B9ECCCA2-735B-472A-B503-EE2E933B547B}.Release|x86.Build.0 = Release|x86
		{B9ECCCA2-735B-472A-B503-EE2E933B547B}.UWP|Any CPU.ActiveCfg = UWP|Any CPU
		{B9ECCCA2-735B-472A-B503-EE2E933B547B}.UWP|Any CPU.Build.0 = UWP|Any CPU
		{B9ECCCA2-735B-472A-B503-EE2E933B547B}.UWP|ARM32.ActiveCfg = UWP|ARM32
		{B9ECCCA2-735B-472A-B503-EE2E933B547B}.UWP|ARM32.Build.0 = UWP|ARM32
		{B9ECCCA2-735B-472A-B503-EE2E933B547B}.UWP|ARM64.ActiveCfg = UWP|ARM64
		{B9ECCCA2-735B-472A-B503-EE2E933B547B}.UWP|ARM64.Build.0 = UWP|ARM64
		{B9ECCCA2-735B-472A-B503-EE2E933B547B}.UWP|x64.ActiveCfg = UWP|x64
		{B9ECCCA2-735B-472A-B503-EE2E933B547B}.UWP|x64.Build.0 = UWP|x64
		{B9ECCCA2-735B-472A-B503-EE2E933B547B}.UWP|x86.ActiveCfg = UWP|x86
		{B9ECCCA2-735B-472A-B503-EE2E933B547B}.UWP|x86.Build.0 = UWP|x86
		{186F7A43-6415-4F0A-AE75-5B3235D2B0F6}.Debug|Any CPU.ActiveCfg = Debug|Any CPU
		{186F7A43-6415-4F0A-AE75-5B3235D2B0F6}.Debug|Any CPU.Build.0 = Debug|Any CPU
		{186F7A43-6415-4F0A-AE75-5B3235D2B0F6}.Debug|ARM32.ActiveCfg = Debug|ARM32
		{186F7A43-6415-4F0A-AE75-5B3235D2B0F6}.Debug|ARM32.Build.0 = Debug|ARM32
		{186F7A43-6415-4F0A-AE75-5B3235D2B0F6}.Debug|ARM64.ActiveCfg = Debug|ARM64
		{186F7A43-6415-4F0A-AE75-5B3235D2B0F6}.Debug|ARM64.Build.0 = Debug|ARM64
		{186F7A43-6415-4F0A-AE75-5B3235D2B0F6}.Debug|x64.ActiveCfg = Debug|x64
		{186F7A43-6415-4F0A-AE75-5B3235D2B0F6}.Debug|x64.Build.0 = Debug|x64
		{186F7A43-6415-4F0A-AE75-5B3235D2B0F6}.Debug|x86.ActiveCfg = Debug|x86
		{186F7A43-6415-4F0A-AE75-5B3235D2B0F6}.Debug|x86.Build.0 = Debug|x86
		{186F7A43-6415-4F0A-AE75-5B3235D2B0F6}.Develop|Any CPU.ActiveCfg = Develop|Any CPU
		{186F7A43-6415-4F0A-AE75-5B3235D2B0F6}.Develop|Any CPU.Build.0 = Develop|Any CPU
		{186F7A43-6415-4F0A-AE75-5B3235D2B0F6}.Develop|ARM32.ActiveCfg = Develop|ARM32
		{186F7A43-6415-4F0A-AE75-5B3235D2B0F6}.Develop|ARM32.Build.0 = Develop|ARM32
		{186F7A43-6415-4F0A-AE75-5B3235D2B0F6}.Develop|ARM64.ActiveCfg = Develop|ARM64
		{186F7A43-6415-4F0A-AE75-5B3235D2B0F6}.Develop|ARM64.Build.0 = Develop|ARM64
		{186F7A43-6415-4F0A-AE75-5B3235D2B0F6}.Develop|x64.ActiveCfg = Develop|x64
		{186F7A43-6415-4F0A-AE75-5B3235D2B0F6}.Develop|x64.Build.0 = Develop|x64
		{186F7A43-6415-4F0A-AE75-5B3235D2B0F6}.Develop|x86.ActiveCfg = Develop|x86
		{186F7A43-6415-4F0A-AE75-5B3235D2B0F6}.Develop|x86.Build.0 = Develop|x86
		{186F7A43-6415-4F0A-AE75-5B3235D2B0F6}.Release|Any CPU.ActiveCfg = Release|Any CPU
		{186F7A43-6415-4F0A-AE75-5B3235D2B0F6}.Release|Any CPU.Build.0 = Release|Any CPU
		{186F7A43-6415-4F0A-AE75-5B3235D2B0F6}.Release|ARM32.ActiveCfg = Release|ARM32
		{186F7A43-6415-4F0A-AE75-5B3235D2B0F6}.Release|ARM32.Build.0 = Release|ARM32
		{186F7A43-6415-4F0A-AE75-5B3235D2B0F6}.Release|ARM64.ActiveCfg = Release|ARM64
		{186F7A43-6415-4F0A-AE75-5B3235D2B0F6}.Release|ARM64.Build.0 = Release|ARM64
		{186F7A43-6415-4F0A-AE75-5B3235D2B0F6}.Release|x64.ActiveCfg = Release|x64
		{186F7A43-6415-4F0A-AE75-5B3235D2B0F6}.Release|x64.Build.0 = Release|x64
		{186F7A43-6415-4F0A-AE75-5B3235D2B0F6}.Release|x86.ActiveCfg = Release|x86
		{186F7A43-6415-4F0A-AE75-5B3235D2B0F6}.Release|x86.Build.0 = Release|x86
		{186F7A43-6415-4F0A-AE75-5B3235D2B0F6}.UWP|Any CPU.ActiveCfg = UWP|Any CPU
		{186F7A43-6415-4F0A-AE75-5B3235D2B0F6}.UWP|Any CPU.Build.0 = UWP|Any CPU
		{186F7A43-6415-4F0A-AE75-5B3235D2B0F6}.UWP|ARM32.ActiveCfg = UWP|ARM32
		{186F7A43-6415-4F0A-AE75-5B3235D2B0F6}.UWP|ARM32.Build.0 = UWP|ARM32
		{186F7A43-6415-4F0A-AE75-5B3235D2B0F6}.UWP|ARM64.ActiveCfg = UWP|ARM64
		{186F7A43-6415-4F0A-AE75-5B3235D2B0F6}.UWP|ARM64.Build.0 = UWP|ARM64
		{186F7A43-6415-4F0A-AE75-5B3235D2B0F6}.UWP|x64.ActiveCfg = UWP|x64
		{186F7A43-6415-4F0A-AE75-5B3235D2B0F6}.UWP|x64.Build.0 = UWP|x64
		{186F7A43-6415-4F0A-AE75-5B3235D2B0F6}.UWP|x86.ActiveCfg = UWP|x86
		{186F7A43-6415-4F0A-AE75-5B3235D2B0F6}.UWP|x86.Build.0 = UWP|x86
		{B836F727-9ECF-4F84-B665-076B47A5B9A4}.Debug|Any CPU.ActiveCfg = Debug|Any CPU
		{B836F727-9ECF-4F84-B665-076B47A5B9A4}.Debug|Any CPU.Build.0 = Debug|Any CPU
		{B836F727-9ECF-4F84-B665-076B47A5B9A4}.Debug|ARM32.ActiveCfg = Debug|ARM32
		{B836F727-9ECF-4F84-B665-076B47A5B9A4}.Debug|ARM32.Build.0 = Debug|ARM32
		{B836F727-9ECF-4F84-B665-076B47A5B9A4}.Debug|ARM64.ActiveCfg = Debug|ARM64
		{B836F727-9ECF-4F84-B665-076B47A5B9A4}.Debug|ARM64.Build.0 = Debug|ARM64
		{B836F727-9ECF-4F84-B665-076B47A5B9A4}.Debug|x64.ActiveCfg = Debug|x64
		{B836F727-9ECF-4F84-B665-076B47A5B9A4}.Debug|x64.Build.0 = Debug|x64
		{B836F727-9ECF-4F84-B665-076B47A5B9A4}.Debug|x86.ActiveCfg = Debug|x86
		{B836F727-9ECF-4F84-B665-076B47A5B9A4}.Debug|x86.Build.0 = Debug|x86
		{B836F727-9ECF-4F84-B665-076B47A5B9A4}.Develop|Any CPU.ActiveCfg = Develop|Any CPU
		{B836F727-9ECF-4F84-B665-076B47A5B9A4}.Develop|Any CPU.Build.0 = Develop|Any CPU
		{B836F727-9ECF-4F84-B665-076B47A5B9A4}.Develop|ARM32.ActiveCfg = Develop|ARM32
		{B836F727-9ECF-4F84-B665-076B47A5B9A4}.Develop|ARM32.Build.0 = Develop|ARM32
		{B836F727-9ECF-4F84-B665-076B47A5B9A4}.Develop|ARM64.ActiveCfg = Develop|ARM64
		{B836F727-9ECF-4F84-B665-076B47A5B9A4}.Develop|ARM64.Build.0 = Develop|ARM64
		{B836F727-9ECF-4F84-B665-076B47A5B9A4}.Develop|x64.ActiveCfg = Develop|x64
		{B836F727-9ECF-4F84-B665-076B47A5B9A4}.Develop|x64.Build.0 = Develop|x64
		{B836F727-9ECF-4F84-B665-076B47A5B9A4}.Develop|x86.ActiveCfg = Develop|x86
		{B836F727-9ECF-4F84-B665-076B47A5B9A4}.Develop|x86.Build.0 = Develop|x86
		{B836F727-9ECF-4F84-B665-076B47A5B9A4}.Release|Any CPU.ActiveCfg = Release|Any CPU
		{B836F727-9ECF-4F84-B665-076B47A5B9A4}.Release|Any CPU.Build.0 = Release|Any CPU
		{B836F727-9ECF-4F84-B665-076B47A5B9A4}.Release|ARM32.ActiveCfg = Release|ARM32
		{B836F727-9ECF-4F84-B665-076B47A5B9A4}.Release|ARM32.Build.0 = Release|ARM32
		{B836F727-9ECF-4F84-B665-076B47A5B9A4}.Release|ARM64.ActiveCfg = Release|ARM64
		{B836F727-9ECF-4F84-B665-076B47A5B9A4}.Release|ARM64.Build.0 = Release|ARM64
		{B836F727-9ECF-4F84-B665-076B47A5B9A4}.Release|x64.ActiveCfg = Release|x64
		{B836F727-9ECF-4F84-B665-076B47A5B9A4}.Release|x64.Build.0 = Release|x64
		{B836F727-9ECF-4F84-B665-076B47A5B9A4}.Release|x86.ActiveCfg = Release|x86
		{B836F727-9ECF-4F84-B665-076B47A5B9A4}.Release|x86.Build.0 = Release|x86
		{B836F727-9ECF-4F84-B665-076B47A5B9A4}.UWP|Any CPU.ActiveCfg = UWP|Any CPU
		{B836F727-9ECF-4F84-B665-076B47A5B9A4}.UWP|Any CPU.Build.0 = UWP|Any CPU
		{B836F727-9ECF-4F84-B665-076B47A5B9A4}.UWP|ARM32.ActiveCfg = UWP|ARM32
		{B836F727-9ECF-4F84-B665-076B47A5B9A4}.UWP|ARM32.Build.0 = UWP|ARM32
		{B836F727-9ECF-4F84-B665-076B47A5B9A4}.UWP|ARM64.ActiveCfg = UWP|ARM64
		{B836F727-9ECF-4F84-B665-076B47A5B9A4}.UWP|ARM64.Build.0 = UWP|ARM64
		{B836F727-9ECF-4F84-B665-076B47A5B9A4}.UWP|x64.ActiveCfg = UWP|x64
		{B836F727-9ECF-4F84-B665-076B47A5B9A4}.UWP|x64.Build.0 = UWP|x64
		{B836F727-9ECF-4F84-B665-076B47A5B9A4}.UWP|x86.ActiveCfg = UWP|x86
		{B836F727-9ECF-4F84-B665-076B47A5B9A4}.UWP|x86.Build.0 = UWP|x86
		{8B800DCF-12ED-4032-B45B-B9DC2265E098}.Debug|Any CPU.ActiveCfg = Debug|Any CPU
		{8B800DCF-12ED-4032-B45B-B9DC2265E098}.Debug|Any CPU.Build.0 = Debug|Any CPU
		{8B800DCF-12ED-4032-B45B-B9DC2265E098}.Debug|ARM32.ActiveCfg = Debug|ARM32
		{8B800DCF-12ED-4032-B45B-B9DC2265E098}.Debug|ARM32.Build.0 = Debug|ARM32
		{8B800DCF-12ED-4032-B45B-B9DC2265E098}.Debug|ARM64.ActiveCfg = Debug|ARM64
		{8B800DCF-12ED-4032-B45B-B9DC2265E098}.Debug|ARM64.Build.0 = Debug|ARM64
		{8B800DCF-12ED-4032-B45B-B9DC2265E098}.Debug|x64.ActiveCfg = Debug|x64
		{8B800DCF-12ED-4032-B45B-B9DC2265E098}.Debug|x64.Build.0 = Debug|x64
		{8B800DCF-12ED-4032-B45B-B9DC2265E098}.Debug|x86.ActiveCfg = Debug|x86
		{8B800DCF-12ED-4032-B45B-B9DC2265E098}.Debug|x86.Build.0 = Debug|x86
		{8B800DCF-12ED-4032-B45B-B9DC2265E098}.Develop|Any CPU.ActiveCfg = Develop|Any CPU
		{8B800DCF-12ED-4032-B45B-B9DC2265E098}.Develop|Any CPU.Build.0 = Develop|Any CPU
		{8B800DCF-12ED-4032-B45B-B9DC2265E098}.Develop|ARM32.ActiveCfg = Develop|ARM32
		{8B800DCF-12ED-4032-B45B-B9DC2265E098}.Develop|ARM32.Build.0 = Develop|ARM32
		{8B800DCF-12ED-4032-B45B-B9DC2265E098}.Develop|ARM64.ActiveCfg = Develop|ARM64
		{8B800DCF-12ED-4032-B45B-B9DC2265E098}.Develop|ARM64.Build.0 = Develop|ARM64
		{8B800DCF-12ED-4032-B45B-B9DC2265E098}.Develop|x64.ActiveCfg = Develop|x64
		{8B800DCF-12ED-4032-B45B-B9DC2265E098}.Develop|x64.Build.0 = Develop|x64
		{8B800DCF-12ED-4032-B45B-B9DC2265E098}.Develop|x86.ActiveCfg = Develop|x86
		{8B800DCF-12ED-4032-B45B-B9DC2265E098}.Develop|x86.Build.0 = Develop|x86
		{8B800DCF-12ED-4032-B45B-B9DC2265E098}.Release|Any CPU.ActiveCfg = Release|Any CPU
		{8B800DCF-12ED-4032-B45B-B9DC2265E098}.Release|Any CPU.Build.0 = Release|Any CPU
		{8B800DCF-12ED-4032-B45B-B9DC2265E098}.Release|ARM32.ActiveCfg = Release|ARM32
		{8B800DCF-12ED-4032-B45B-B9DC2265E098}.Release|ARM32.Build.0 = Release|ARM32
		{8B800DCF-12ED-4032-B45B-B9DC2265E098}.Release|ARM64.ActiveCfg = Release|ARM64
		{8B800DCF-12ED-4032-B45B-B9DC2265E098}.Release|ARM64.Build.0 = Release|ARM64
		{8B800DCF-12ED-4032-B45B-B9DC2265E098}.Release|x64.ActiveCfg = Release|x64
		{8B800DCF-12ED-4032-B45B-B9DC2265E098}.Release|x64.Build.0 = Release|x64
		{8B800DCF-12ED-4032-B45B-B9DC2265E098}.Release|x86.ActiveCfg = Release|x86
		{8B800DCF-12ED-4032-B45B-B9DC2265E098}.Release|x86.Build.0 = Release|x86
		{8B800DCF-12ED-4032-B45B-B9DC2265E098}.UWP|Any CPU.ActiveCfg = UWP|Any CPU
		{8B800DCF-12ED-4032-B45B-B9DC2265E098}.UWP|Any CPU.Build.0 = UWP|Any CPU
		{8B800DCF-12ED-4032-B45B-B9DC2265E098}.UWP|ARM32.ActiveCfg = UWP|ARM32
		{8B800DCF-12ED-4032-B45B-B9DC2265E098}.UWP|ARM32.Build.0 = UWP|ARM32
		{8B800DCF-12ED-4032-B45B-B9DC2265E098}.UWP|ARM64.ActiveCfg = UWP|ARM64
		{8B800DCF-12ED-4032-B45B-B9DC2265E098}.UWP|ARM64.Build.0 = UWP|ARM64
		{8B800DCF-12ED-4032-B45B-B9DC2265E098}.UWP|x64.ActiveCfg = UWP|x64
		{8B800DCF-12ED-4032-B45B-B9DC2265E098}.UWP|x64.Build.0 = UWP|x64
		{8B800DCF-12ED-4032-B45B-B9DC2265E098}.UWP|x86.ActiveCfg = UWP|x86
		{8B800DCF-12ED-4032-B45B-B9DC2265E098}.UWP|x86.Build.0 = UWP|x86
		{4A62F894-9A5F-4EB4-8FD2-6B25D2720C5B}.Debug|Any CPU.ActiveCfg = Debug|Any CPU
		{4A62F894-9A5F-4EB4-8FD2-6B25D2720C5B}.Debug|Any CPU.Build.0 = Debug|Any CPU
		{4A62F894-9A5F-4EB4-8FD2-6B25D2720C5B}.Debug|ARM32.ActiveCfg = Debug|ARM32
		{4A62F894-9A5F-4EB4-8FD2-6B25D2720C5B}.Debug|ARM32.Build.0 = Debug|ARM32
		{4A62F894-9A5F-4EB4-8FD2-6B25D2720C5B}.Debug|ARM64.ActiveCfg = Debug|ARM64
		{4A62F894-9A5F-4EB4-8FD2-6B25D2720C5B}.Debug|ARM64.Build.0 = Debug|ARM64
		{4A62F894-9A5F-4EB4-8FD2-6B25D2720C5B}.Debug|x64.ActiveCfg = Debug|x64
		{4A62F894-9A5F-4EB4-8FD2-6B25D2720C5B}.Debug|x64.Build.0 = Debug|x64
		{4A62F894-9A5F-4EB4-8FD2-6B25D2720C5B}.Debug|x86.ActiveCfg = Debug|x86
		{4A62F894-9A5F-4EB4-8FD2-6B25D2720C5B}.Debug|x86.Build.0 = Debug|x86
		{4A62F894-9A5F-4EB4-8FD2-6B25D2720C5B}.Develop|Any CPU.ActiveCfg = Develop|Any CPU
		{4A62F894-9A5F-4EB4-8FD2-6B25D2720C5B}.Develop|Any CPU.Build.0 = Develop|Any CPU
		{4A62F894-9A5F-4EB4-8FD2-6B25D2720C5B}.Develop|ARM32.ActiveCfg = Develop|ARM32
		{4A62F894-9A5F-4EB4-8FD2-6B25D2720C5B}.Develop|ARM32.Build.0 = Develop|ARM32
		{4A62F894-9A5F-4EB4-8FD2-6B25D2720C5B}.Develop|ARM64.ActiveCfg = Develop|ARM64
		{4A62F894-9A5F-4EB4-8FD2-6B25D2720C5B}.Develop|ARM64.Build.0 = Develop|ARM64
		{4A62F894-9A5F-4EB4-8FD2-6B25D2720C5B}.Develop|x64.ActiveCfg = Develop|x64
		{4A62F894-9A5F-4EB4-8FD2-6B25D2720C5B}.Develop|x64.Build.0 = Develop|x64
		{4A62F894-9A5F-4EB4-8FD2-6B25D2720C5B}.Develop|x86.ActiveCfg = Develop|x86
		{4A62F894-9A5F-4EB4-8FD2-6B25D2720C5B}.Develop|x86.Build.0 = Develop|x86
		{4A62F894-9A5F-4EB4-8FD2-6B25D2720C5B}.Release|Any CPU.ActiveCfg = Release|Any CPU
		{4A62F894-9A5F-4EB4-8FD2-6B25D2720C5B}.Release|Any CPU.Build.0 = Release|Any CPU
		{4A62F894-9A5F-4EB4-8FD2-6B25D2720C5B}.Release|ARM32.ActiveCfg = Release|ARM32
		{4A62F894-9A5F-4EB4-8FD2-6B25D2720C5B}.Release|ARM32.Build.0 = Release|ARM32
		{4A62F894-9A5F-4EB4-8FD2-6B25D2720C5B}.Release|ARM64.ActiveCfg = Release|ARM64
		{4A62F894-9A5F-4EB4-8FD2-6B25D2720C5B}.Release|ARM64.Build.0 = Release|ARM64
		{4A62F894-9A5F-4EB4-8FD2-6B25D2720C5B}.Release|x64.ActiveCfg = Release|x64
		{4A62F894-9A5F-4EB4-8FD2-6B25D2720C5B}.Release|x64.Build.0 = Release|x64
		{4A62F894-9A5F-4EB4-8FD2-6B25D2720C5B}.Release|x86.ActiveCfg = Release|x86
		{4A62F894-9A5F-4EB4-8FD2-6B25D2720C5B}.Release|x86.Build.0 = Release|x86
		{4A62F894-9A5F-4EB4-8FD2-6B25D2720C5B}.UWP|Any CPU.ActiveCfg = UWP|Any CPU
		{4A62F894-9A5F-4EB4-8FD2-6B25D2720C5B}.UWP|Any CPU.Build.0 = UWP|Any CPU
		{4A62F894-9A5F-4EB4-8FD2-6B25D2720C5B}.UWP|ARM32.ActiveCfg = UWP|ARM32
		{4A62F894-9A5F-4EB4-8FD2-6B25D2720C5B}.UWP|ARM32.Build.0 = UWP|ARM32
		{4A62F894-9A5F-4EB4-8FD2-6B25D2720C5B}.UWP|ARM64.ActiveCfg = UWP|ARM64
		{4A62F894-9A5F-4EB4-8FD2-6B25D2720C5B}.UWP|ARM64.Build.0 = UWP|ARM64
		{4A62F894-9A5F-4EB4-8FD2-6B25D2720C5B}.UWP|x64.ActiveCfg = UWP|x64
		{4A62F894-9A5F-4EB4-8FD2-6B25D2720C5B}.UWP|x64.Build.0 = UWP|x64
		{4A62F894-9A5F-4EB4-8FD2-6B25D2720C5B}.UWP|x86.ActiveCfg = UWP|x86
		{4A62F894-9A5F-4EB4-8FD2-6B25D2720C5B}.UWP|x86.Build.0 = UWP|x86
		{C9DC1C59-D9ED-48DD-A03B-F57895AE4F4E}.Debug|Any CPU.ActiveCfg = Debug|Any CPU
		{C9DC1C59-D9ED-48DD-A03B-F57895AE4F4E}.Debug|Any CPU.Build.0 = Debug|Any CPU
		{C9DC1C59-D9ED-48DD-A03B-F57895AE4F4E}.Debug|ARM32.ActiveCfg = Debug|ARM32
		{C9DC1C59-D9ED-48DD-A03B-F57895AE4F4E}.Debug|ARM32.Build.0 = Debug|ARM32
		{C9DC1C59-D9ED-48DD-A03B-F57895AE4F4E}.Debug|ARM64.ActiveCfg = Debug|ARM64
		{C9DC1C59-D9ED-48DD-A03B-F57895AE4F4E}.Debug|ARM64.Build.0 = Debug|ARM64
		{C9DC1C59-D9ED-48DD-A03B-F57895AE4F4E}.Debug|x64.ActiveCfg = Debug|x64
		{C9DC1C59-D9ED-48DD-A03B-F57895AE4F4E}.Debug|x64.Build.0 = Debug|x64
		{C9DC1C59-D9ED-48DD-A03B-F57895AE4F4E}.Debug|x86.ActiveCfg = Debug|x86
		{C9DC1C59-D9ED-48DD-A03B-F57895AE4F4E}.Debug|x86.Build.0 = Debug|x86
		{C9DC1C59-D9ED-48DD-A03B-F57895AE4F4E}.Develop|Any CPU.ActiveCfg = Develop|Any CPU
		{C9DC1C59-D9ED-48DD-A03B-F57895AE4F4E}.Develop|Any CPU.Build.0 = Develop|Any CPU
		{C9DC1C59-D9ED-48DD-A03B-F57895AE4F4E}.Develop|ARM32.ActiveCfg = Develop|ARM32
		{C9DC1C59-D9ED-48DD-A03B-F57895AE4F4E}.Develop|ARM32.Build.0 = Develop|ARM32
		{C9DC1C59-D9ED-48DD-A03B-F57895AE4F4E}.Develop|ARM64.ActiveCfg = Develop|ARM64
		{C9DC1C59-D9ED-48DD-A03B-F57895AE4F4E}.Develop|ARM64.Build.0 = Develop|ARM64
		{C9DC1C59-D9ED-48DD-A03B-F57895AE4F4E}.Develop|x64.ActiveCfg = Develop|x64
		{C9DC1C59-D9ED-48DD-A03B-F57895AE4F4E}.Develop|x64.Build.0 = Develop|x64
		{C9DC1C59-D9ED-48DD-A03B-F57895AE4F4E}.Develop|x86.ActiveCfg = Develop|x86
		{C9DC1C59-D9ED-48DD-A03B-F57895AE4F4E}.Develop|x86.Build.0 = Develop|x86
		{C9DC1C59-D9ED-48DD-A03B-F57895AE4F4E}.Release|Any CPU.ActiveCfg = Release|Any CPU
		{C9DC1C59-D9ED-48DD-A03B-F57895AE4F4E}.Release|Any CPU.Build.0 = Release|Any CPU
		{C9DC1C59-D9ED-48DD-A03B-F57895AE4F4E}.Release|ARM32.ActiveCfg = Release|ARM32
		{C9DC1C59-D9ED-48DD-A03B-F57895AE4F4E}.Release|ARM32.Build.0 = Release|ARM32
		{C9DC1C59-D9ED-48DD-A03B-F57895AE4F4E}.Release|ARM64.ActiveCfg = Release|ARM64
		{C9DC1C59-D9ED-48DD-A03B-F57895AE4F4E}.Release|ARM64.Build.0 = Release|ARM64
		{C9DC1C59-D9ED-48DD-A03B-F57895AE4F4E}.Release|x64.ActiveCfg = Release|x64
		{C9DC1C59-D9ED-48DD-A03B-F57895AE4F4E}.Release|x64.Build.0 = Release|x64
		{C9DC1C59-D9ED-48DD-A03B-F57895AE4F4E}.Release|x86.ActiveCfg = Release|x86
		{C9DC1C59-D9ED-48DD-A03B-F57895AE4F4E}.Release|x86.Build.0 = Release|x86
		{C9DC1C59-D9ED-48DD-A03B-F57895AE4F4E}.UWP|Any CPU.ActiveCfg = UWP|Any CPU
		{C9DC1C59-D9ED-48DD-A03B-F57895AE4F4E}.UWP|Any CPU.Build.0 = UWP|Any CPU
		{C9DC1C59-D9ED-48DD-A03B-F57895AE4F4E}.UWP|ARM32.ActiveCfg = UWP|ARM32
		{C9DC1C59-D9ED-48DD-A03B-F57895AE4F4E}.UWP|ARM32.Build.0 = UWP|ARM32
		{C9DC1C59-D9ED-48DD-A03B-F57895AE4F4E}.UWP|ARM64.ActiveCfg = UWP|ARM64
		{C9DC1C59-D9ED-48DD-A03B-F57895AE4F4E}.UWP|ARM64.Build.0 = UWP|ARM64
		{C9DC1C59-D9ED-48DD-A03B-F57895AE4F4E}.UWP|x64.ActiveCfg = UWP|x64
		{C9DC1C59-D9ED-48DD-A03B-F57895AE4F4E}.UWP|x64.Build.0 = UWP|x64
		{C9DC1C59-D9ED-48DD-A03B-F57895AE4F4E}.UWP|x86.ActiveCfg = UWP|x86
		{C9DC1C59-D9ED-48DD-A03B-F57895AE4F4E}.UWP|x86.Build.0 = UWP|x86
		{C570970A-20AD-4C67-BDCC-DD99B50EDA08}.Debug|Any CPU.ActiveCfg = Debug|Any CPU
		{C570970A-20AD-4C67-BDCC-DD99B50EDA08}.Debug|Any CPU.Build.0 = Debug|Any CPU
		{C570970A-20AD-4C67-BDCC-DD99B50EDA08}.Debug|ARM32.ActiveCfg = Debug|ARM32
		{C570970A-20AD-4C67-BDCC-DD99B50EDA08}.Debug|ARM32.Build.0 = Debug|ARM32
		{C570970A-20AD-4C67-BDCC-DD99B50EDA08}.Debug|ARM64.ActiveCfg = Debug|ARM64
		{C570970A-20AD-4C67-BDCC-DD99B50EDA08}.Debug|ARM64.Build.0 = Debug|ARM64
		{C570970A-20AD-4C67-BDCC-DD99B50EDA08}.Debug|x64.ActiveCfg = Debug|x64
		{C570970A-20AD-4C67-BDCC-DD99B50EDA08}.Debug|x64.Build.0 = Debug|x64
		{C570970A-20AD-4C67-BDCC-DD99B50EDA08}.Debug|x86.ActiveCfg = Debug|x86
		{C570970A-20AD-4C67-BDCC-DD99B50EDA08}.Debug|x86.Build.0 = Debug|x86
		{C570970A-20AD-4C67-BDCC-DD99B50EDA08}.Develop|Any CPU.ActiveCfg = Develop|Any CPU
		{C570970A-20AD-4C67-BDCC-DD99B50EDA08}.Develop|Any CPU.Build.0 = Develop|Any CPU
		{C570970A-20AD-4C67-BDCC-DD99B50EDA08}.Develop|ARM32.ActiveCfg = Develop|ARM32
		{C570970A-20AD-4C67-BDCC-DD99B50EDA08}.Develop|ARM32.Build.0 = Develop|ARM32
		{C570970A-20AD-4C67-BDCC-DD99B50EDA08}.Develop|ARM64.ActiveCfg = Develop|ARM64
		{C570970A-20AD-4C67-BDCC-DD99B50EDA08}.Develop|ARM64.Build.0 = Develop|ARM64
		{C570970A-20AD-4C67-BDCC-DD99B50EDA08}.Develop|x64.ActiveCfg = Develop|x64
		{C570970A-20AD-4C67-BDCC-DD99B50EDA08}.Develop|x64.Build.0 = Develop|x64
		{C570970A-20AD-4C67-BDCC-DD99B50EDA08}.Develop|x86.ActiveCfg = Develop|x86
		{C570970A-20AD-4C67-BDCC-DD99B50EDA08}.Develop|x86.Build.0 = Develop|x86
		{C570970A-20AD-4C67-BDCC-DD99B50EDA08}.Release|Any CPU.ActiveCfg = Release|Any CPU
		{C570970A-20AD-4C67-BDCC-DD99B50EDA08}.Release|Any CPU.Build.0 = Release|Any CPU
		{C570970A-20AD-4C67-BDCC-DD99B50EDA08}.Release|ARM32.ActiveCfg = Release|ARM32
		{C570970A-20AD-4C67-BDCC-DD99B50EDA08}.Release|ARM32.Build.0 = Release|ARM32
		{C570970A-20AD-4C67-BDCC-DD99B50EDA08}.Release|ARM64.ActiveCfg = Release|ARM64
		{C570970A-20AD-4C67-BDCC-DD99B50EDA08}.Release|ARM64.Build.0 = Release|ARM64
		{C570970A-20AD-4C67-BDCC-DD99B50EDA08}.Release|x64.ActiveCfg = Release|x64
		{C570970A-20AD-4C67-BDCC-DD99B50EDA08}.Release|x64.Build.0 = Release|x64
		{C570970A-20AD-4C67-BDCC-DD99B50EDA08}.Release|x86.ActiveCfg = Release|x86
		{C570970A-20AD-4C67-BDCC-DD99B50EDA08}.Release|x86.Build.0 = Release|x86
		{C570970A-20AD-4C67-BDCC-DD99B50EDA08}.UWP|Any CPU.ActiveCfg = UWP|Any CPU
		{C570970A-20AD-4C67-BDCC-DD99B50EDA08}.UWP|Any CPU.Build.0 = UWP|Any CPU
		{C570970A-20AD-4C67-BDCC-DD99B50EDA08}.UWP|ARM32.ActiveCfg = UWP|ARM32
		{C570970A-20AD-4C67-BDCC-DD99B50EDA08}.UWP|ARM32.Build.0 = UWP|ARM32
		{C570970A-20AD-4C67-BDCC-DD99B50EDA08}.UWP|ARM64.ActiveCfg = UWP|ARM64
		{C570970A-20AD-4C67-BDCC-DD99B50EDA08}.UWP|ARM64.Build.0 = UWP|ARM64
		{C570970A-20AD-4C67-BDCC-DD99B50EDA08}.UWP|x64.ActiveCfg = UWP|x64
		{C570970A-20AD-4C67-BDCC-DD99B50EDA08}.UWP|x64.Build.0 = UWP|x64
		{C570970A-20AD-4C67-BDCC-DD99B50EDA08}.UWP|x86.ActiveCfg = UWP|x86
		{C570970A-20AD-4C67-BDCC-DD99B50EDA08}.UWP|x86.Build.0 = UWP|x86
		{6BAF7636-BDDD-48E8-B1A0-9B7347CB0274}.Debug|Any CPU.ActiveCfg = Debug|Any CPU
		{6BAF7636-BDDD-48E8-B1A0-9B7347CB0274}.Debug|Any CPU.Build.0 = Debug|Any CPU
		{6BAF7636-BDDD-48E8-B1A0-9B7347CB0274}.Debug|ARM32.ActiveCfg = Debug|ARM32
		{6BAF7636-BDDD-48E8-B1A0-9B7347CB0274}.Debug|ARM32.Build.0 = Debug|ARM32
		{6BAF7636-BDDD-48E8-B1A0-9B7347CB0274}.Debug|ARM64.ActiveCfg = Debug|ARM64
		{6BAF7636-BDDD-48E8-B1A0-9B7347CB0274}.Debug|ARM64.Build.0 = Debug|ARM64
		{6BAF7636-BDDD-48E8-B1A0-9B7347CB0274}.Debug|x64.ActiveCfg = Debug|x64
		{6BAF7636-BDDD-48E8-B1A0-9B7347CB0274}.Debug|x64.Build.0 = Debug|x64
		{6BAF7636-BDDD-48E8-B1A0-9B7347CB0274}.Debug|x86.ActiveCfg = Debug|x86
		{6BAF7636-BDDD-48E8-B1A0-9B7347CB0274}.Debug|x86.Build.0 = Debug|x86
		{6BAF7636-BDDD-48E8-B1A0-9B7347CB0274}.Develop|Any CPU.ActiveCfg = Develop|Any CPU
		{6BAF7636-BDDD-48E8-B1A0-9B7347CB0274}.Develop|Any CPU.Build.0 = Develop|Any CPU
		{6BAF7636-BDDD-48E8-B1A0-9B7347CB0274}.Develop|ARM32.ActiveCfg = Develop|ARM32
		{6BAF7636-BDDD-48E8-B1A0-9B7347CB0274}.Develop|ARM32.Build.0 = Develop|ARM32
		{6BAF7636-BDDD-48E8-B1A0-9B7347CB0274}.Develop|ARM64.ActiveCfg = Develop|ARM64
		{6BAF7636-BDDD-48E8-B1A0-9B7347CB0274}.Develop|ARM64.Build.0 = Develop|ARM64
		{6BAF7636-BDDD-48E8-B1A0-9B7347CB0274}.Develop|x64.ActiveCfg = Develop|x64
		{6BAF7636-BDDD-48E8-B1A0-9B7347CB0274}.Develop|x64.Build.0 = Develop|x64
		{6BAF7636-BDDD-48E8-B1A0-9B7347CB0274}.Develop|x86.ActiveCfg = Develop|x86
		{6BAF7636-BDDD-48E8-B1A0-9B7347CB0274}.Develop|x86.Build.0 = Develop|x86
		{6BAF7636-BDDD-48E8-B1A0-9B7347CB0274}.Release|Any CPU.ActiveCfg = Release|Any CPU
		{6BAF7636-BDDD-48E8-B1A0-9B7347CB0274}.Release|Any CPU.Build.0 = Release|Any CPU
		{6BAF7636-BDDD-48E8-B1A0-9B7347CB0274}.Release|ARM32.ActiveCfg = Release|ARM32
		{6BAF7636-BDDD-48E8-B1A0-9B7347CB0274}.Release|ARM32.Build.0 = Release|ARM32
		{6BAF7636-BDDD-48E8-B1A0-9B7347CB0274}.Release|ARM64.ActiveCfg = Release|ARM64
		{6BAF7636-BDDD-48E8-B1A0-9B7347CB0274}.Release|ARM64.Build.0 = Release|ARM64
		{6BAF7636-BDDD-48E8-B1A0-9B7347CB0274}.Release|x64.ActiveCfg = Release|x64
		{6BAF7636-BDDD-48E8-B1A0-9B7347CB0274}.Release|x64.Build.0 = Release|x64
		{6BAF7636-BDDD-48E8-B1A0-9B7347CB0274}.Release|x86.ActiveCfg = Release|x86
		{6BAF7636-BDDD-48E8-B1A0-9B7347CB0274}.Release|x86.Build.0 = Release|x86
		{6BAF7636-BDDD-48E8-B1A0-9B7347CB0274}.UWP|Any CPU.ActiveCfg = UWP|Any CPU
		{6BAF7636-BDDD-48E8-B1A0-9B7347CB0274}.UWP|Any CPU.Build.0 = UWP|Any CPU
		{6BAF7636-BDDD-48E8-B1A0-9B7347CB0274}.UWP|ARM32.ActiveCfg = UWP|ARM32
		{6BAF7636-BDDD-48E8-B1A0-9B7347CB0274}.UWP|ARM32.Build.0 = UWP|ARM32
		{6BAF7636-BDDD-48E8-B1A0-9B7347CB0274}.UWP|ARM64.ActiveCfg = UWP|ARM64
		{6BAF7636-BDDD-48E8-B1A0-9B7347CB0274}.UWP|ARM64.Build.0 = UWP|ARM64
		{6BAF7636-BDDD-48E8-B1A0-9B7347CB0274}.UWP|x64.ActiveCfg = UWP|x64
		{6BAF7636-BDDD-48E8-B1A0-9B7347CB0274}.UWP|x64.Build.0 = UWP|x64
		{6BAF7636-BDDD-48E8-B1A0-9B7347CB0274}.UWP|x86.ActiveCfg = UWP|x86
		{6BAF7636-BDDD-48E8-B1A0-9B7347CB0274}.UWP|x86.Build.0 = UWP|x86
		{582176BE-AFFA-4783-B615-920161032725}.Debug|Any CPU.ActiveCfg = Debug|Any CPU
		{582176BE-AFFA-4783-B615-920161032725}.Debug|Any CPU.Build.0 = Debug|Any CPU
		{582176BE-AFFA-4783-B615-920161032725}.Debug|ARM32.ActiveCfg = Debug|ARM32
		{582176BE-AFFA-4783-B615-920161032725}.Debug|ARM32.Build.0 = Debug|ARM32
		{582176BE-AFFA-4783-B615-920161032725}.Debug|ARM64.ActiveCfg = Debug|ARM64
		{582176BE-AFFA-4783-B615-920161032725}.Debug|ARM64.Build.0 = Debug|ARM64
		{582176BE-AFFA-4783-B615-920161032725}.Debug|x64.ActiveCfg = Debug|x64
		{582176BE-AFFA-4783-B615-920161032725}.Debug|x64.Build.0 = Debug|x64
		{582176BE-AFFA-4783-B615-920161032725}.Debug|x86.ActiveCfg = Debug|x86
		{582176BE-AFFA-4783-B615-920161032725}.Debug|x86.Build.0 = Debug|x86
		{582176BE-AFFA-4783-B615-920161032725}.Develop|Any CPU.ActiveCfg = Develop|Any CPU
		{582176BE-AFFA-4783-B615-920161032725}.Develop|Any CPU.Build.0 = Develop|Any CPU
		{582176BE-AFFA-4783-B615-920161032725}.Develop|ARM32.ActiveCfg = Develop|ARM32
		{582176BE-AFFA-4783-B615-920161032725}.Develop|ARM32.Build.0 = Develop|ARM32
		{582176BE-AFFA-4783-B615-920161032725}.Develop|ARM64.ActiveCfg = Develop|ARM64
		{582176BE-AFFA-4783-B615-920161032725}.Develop|ARM64.Build.0 = Develop|ARM64
		{582176BE-AFFA-4783-B615-920161032725}.Develop|x64.ActiveCfg = Develop|x64
		{582176BE-AFFA-4783-B615-920161032725}.Develop|x64.Build.0 = Develop|x64
		{582176BE-AFFA-4783-B615-920161032725}.Develop|x86.ActiveCfg = Develop|x86
		{582176BE-AFFA-4783-B615-920161032725}.Develop|x86.Build.0 = Develop|x86
		{582176BE-AFFA-4783-B615-920161032725}.Release|Any CPU.ActiveCfg = Release|Any CPU
		{582176BE-AFFA-4783-B615-920161032725}.Release|Any CPU.Build.0 = Release|Any CPU
		{582176BE-AFFA-4783-B615-920161032725}.Release|ARM32.ActiveCfg = Release|ARM32
		{582176BE-AFFA-4783-B615-920161032725}.Release|ARM32.Build.0 = Release|ARM32
		{582176BE-AFFA-4783-B615-920161032725}.Release|ARM64.ActiveCfg = Release|ARM64
		{582176BE-AFFA-4783-B615-920161032725}.Release|ARM64.Build.0 = Release|ARM64
		{582176BE-AFFA-4783-B615-920161032725}.Release|x64.ActiveCfg = Release|x64
		{582176BE-AFFA-4783-B615-920161032725}.Release|x64.Build.0 = Release|x64
		{582176BE-AFFA-4783-B615-920161032725}.Release|x86.ActiveCfg = Release|x86
		{582176BE-AFFA-4783-B615-920161032725}.Release|x86.Build.0 = Release|x86
		{582176BE-AFFA-4783-B615-920161032725}.UWP|Any CPU.ActiveCfg = UWP|Any CPU
		{582176BE-AFFA-4783-B615-920161032725}.UWP|Any CPU.Build.0 = UWP|Any CPU
		{582176BE-AFFA-4783-B615-920161032725}.UWP|ARM32.ActiveCfg = UWP|ARM32
		{582176BE-AFFA-4783-B615-920161032725}.UWP|ARM32.Build.0 = UWP|ARM32
		{582176BE-AFFA-4783-B615-920161032725}.UWP|ARM64.ActiveCfg = UWP|ARM64
		{582176BE-AFFA-4783-B615-920161032725}.UWP|ARM64.Build.0 = UWP|ARM64
		{582176BE-AFFA-4783-B615-920161032725}.UWP|x64.ActiveCfg = UWP|x64
		{582176BE-AFFA-4783-B615-920161032725}.UWP|x64.Build.0 = UWP|x64
		{582176BE-AFFA-4783-B615-920161032725}.UWP|x86.ActiveCfg = UWP|x86
		{582176BE-AFFA-4783-B615-920161032725}.UWP|x86.Build.0 = UWP|x86
		{92448D92-E332-400A-ACCF-934F1ABA91EF}.Debug|Any CPU.ActiveCfg = Debug|Any CPU
		{92448D92-E332-400A-ACCF-934F1ABA91EF}.Debug|Any CPU.Build.0 = Debug|Any CPU
		{92448D92-E332-400A-ACCF-934F1ABA91EF}.Debug|ARM32.ActiveCfg = Debug|ARM32
		{92448D92-E332-400A-ACCF-934F1ABA91EF}.Debug|ARM32.Build.0 = Debug|ARM32
		{92448D92-E332-400A-ACCF-934F1ABA91EF}.Debug|ARM64.ActiveCfg = Debug|ARM64
		{92448D92-E332-400A-ACCF-934F1ABA91EF}.Debug|ARM64.Build.0 = Debug|ARM64
		{92448D92-E332-400A-ACCF-934F1ABA91EF}.Debug|x64.ActiveCfg = Debug|x64
		{92448D92-E332-400A-ACCF-934F1ABA91EF}.Debug|x64.Build.0 = Debug|x64
		{92448D92-E332-400A-ACCF-934F1ABA91EF}.Debug|x86.ActiveCfg = Debug|x86
		{92448D92-E332-400A-ACCF-934F1ABA91EF}.Debug|x86.Build.0 = Debug|x86
		{92448D92-E332-400A-ACCF-934F1ABA91EF}.Develop|Any CPU.ActiveCfg = Develop|Any CPU
		{92448D92-E332-400A-ACCF-934F1ABA91EF}.Develop|Any CPU.Build.0 = Develop|Any CPU
		{92448D92-E332-400A-ACCF-934F1ABA91EF}.Develop|ARM32.ActiveCfg = Develop|ARM32
		{92448D92-E332-400A-ACCF-934F1ABA91EF}.Develop|ARM32.Build.0 = Develop|ARM32
		{92448D92-E332-400A-ACCF-934F1ABA91EF}.Develop|ARM64.ActiveCfg = Develop|ARM64
		{92448D92-E332-400A-ACCF-934F1ABA91EF}.Develop|ARM64.Build.0 = Develop|ARM64
		{92448D92-E332-400A-ACCF-934F1ABA91EF}.Develop|x64.ActiveCfg = Develop|x64
		{92448D92-E332-400A-ACCF-934F1ABA91EF}.Develop|x64.Build.0 = Develop|x64
		{92448D92-E332-400A-ACCF-934F1ABA91EF}.Develop|x86.ActiveCfg = Develop|x86
		{92448D92-E332-400A-ACCF-934F1ABA91EF}.Develop|x86.Build.0 = Develop|x86
		{92448D92-E332-400A-ACCF-934F1ABA91EF}.Release|Any CPU.ActiveCfg = Release|Any CPU
		{92448D92-E332-400A-ACCF-934F1ABA91EF}.Release|Any CPU.Build.0 = Release|Any CPU
		{92448D92-E332-400A-ACCF-934F1ABA91EF}.Release|ARM32.ActiveCfg = Release|ARM32
		{92448D92-E332-400A-ACCF-934F1ABA91EF}.Release|ARM32.Build.0 = Release|ARM32
		{92448D92-E332-400A-ACCF-934F1ABA91EF}.Release|ARM64.ActiveCfg = Release|ARM64
		{92448D92-E332-400A-ACCF-934F1ABA91EF}.Release|ARM64.Build.0 = Release|ARM64
		{92448D92-E332-400A-ACCF-934F1ABA91EF}.Release|x64.ActiveCfg = Release|x64
		{92448D92-E332-400A-ACCF-934F1ABA91EF}.Release|x64.Build.0 = Release|x64
		{92448D92-E332-400A-ACCF-934F1ABA91EF}.Release|x86.ActiveCfg = Release|x86
		{92448D92-E332-400A-ACCF-934F1ABA91EF}.Release|x86.Build.0 = Release|x86
		{92448D92-E332-400A-ACCF-934F1ABA91EF}.UWP|Any CPU.ActiveCfg = UWP|Any CPU
		{92448D92-E332-400A-ACCF-934F1ABA91EF}.UWP|Any CPU.Build.0 = UWP|Any CPU
		{92448D92-E332-400A-ACCF-934F1ABA91EF}.UWP|ARM32.ActiveCfg = UWP|ARM32
		{92448D92-E332-400A-ACCF-934F1ABA91EF}.UWP|ARM32.Build.0 = UWP|ARM32
		{92448D92-E332-400A-ACCF-934F1ABA91EF}.UWP|ARM64.ActiveCfg = UWP|ARM64
		{92448D92-E332-400A-ACCF-934F1ABA91EF}.UWP|ARM64.Build.0 = UWP|ARM64
		{92448D92-E332-400A-ACCF-934F1ABA91EF}.UWP|x64.ActiveCfg = UWP|x64
		{92448D92-E332-400A-ACCF-934F1ABA91EF}.UWP|x64.Build.0 = UWP|x64
		{92448D92-E332-400A-ACCF-934F1ABA91EF}.UWP|x86.ActiveCfg = UWP|x86
		{92448D92-E332-400A-ACCF-934F1ABA91EF}.UWP|x86.Build.0 = UWP|x86
		{BE886720-F7D2-47CE-8950-B5E69205CFC5}.Debug|Any CPU.ActiveCfg = Debug|Any CPU
		{BE886720-F7D2-47CE-8950-B5E69205CFC5}.Debug|Any CPU.Build.0 = Debug|Any CPU
		{BE886720-F7D2-47CE-8950-B5E69205CFC5}.Debug|Any CPU.Deploy.0 = Debug|Any CPU
		{BE886720-F7D2-47CE-8950-B5E69205CFC5}.Debug|ARM32.ActiveCfg = Debug|Any CPU
		{BE886720-F7D2-47CE-8950-B5E69205CFC5}.Debug|ARM32.Build.0 = Debug|Any CPU
		{BE886720-F7D2-47CE-8950-B5E69205CFC5}.Debug|ARM32.Deploy.0 = Debug|Any CPU
		{BE886720-F7D2-47CE-8950-B5E69205CFC5}.Debug|ARM64.ActiveCfg = Debug|ARM64
		{BE886720-F7D2-47CE-8950-B5E69205CFC5}.Debug|ARM64.Build.0 = Debug|ARM64
		{BE886720-F7D2-47CE-8950-B5E69205CFC5}.Debug|ARM64.Deploy.0 = Debug|ARM64
		{BE886720-F7D2-47CE-8950-B5E69205CFC5}.Debug|x64.ActiveCfg = Debug|x64
		{BE886720-F7D2-47CE-8950-B5E69205CFC5}.Debug|x64.Build.0 = Debug|x64
		{BE886720-F7D2-47CE-8950-B5E69205CFC5}.Debug|x64.Deploy.0 = Debug|x64
		{BE886720-F7D2-47CE-8950-B5E69205CFC5}.Debug|x86.ActiveCfg = Debug|x86
		{BE886720-F7D2-47CE-8950-B5E69205CFC5}.Debug|x86.Build.0 = Debug|x86
		{BE886720-F7D2-47CE-8950-B5E69205CFC5}.Debug|x86.Deploy.0 = Debug|x86
		{BE886720-F7D2-47CE-8950-B5E69205CFC5}.Develop|Any CPU.ActiveCfg = Release|Any CPU
		{BE886720-F7D2-47CE-8950-B5E69205CFC5}.Develop|Any CPU.Build.0 = Release|Any CPU
		{BE886720-F7D2-47CE-8950-B5E69205CFC5}.Develop|Any CPU.Deploy.0 = Release|Any CPU
		{BE886720-F7D2-47CE-8950-B5E69205CFC5}.Develop|ARM32.ActiveCfg = Release|Any CPU
		{BE886720-F7D2-47CE-8950-B5E69205CFC5}.Develop|ARM32.Build.0 = Release|Any CPU
		{BE886720-F7D2-47CE-8950-B5E69205CFC5}.Develop|ARM32.Deploy.0 = Release|Any CPU
		{BE886720-F7D2-47CE-8950-B5E69205CFC5}.Develop|ARM64.ActiveCfg = Release|ARM64
		{BE886720-F7D2-47CE-8950-B5E69205CFC5}.Develop|ARM64.Build.0 = Release|ARM64
		{BE886720-F7D2-47CE-8950-B5E69205CFC5}.Develop|ARM64.Deploy.0 = Release|ARM64
		{BE886720-F7D2-47CE-8950-B5E69205CFC5}.Develop|x64.ActiveCfg = Release|x64
		{BE886720-F7D2-47CE-8950-B5E69205CFC5}.Develop|x64.Build.0 = Release|x64
		{BE886720-F7D2-47CE-8950-B5E69205CFC5}.Develop|x64.Deploy.0 = Release|x64
		{BE886720-F7D2-47CE-8950-B5E69205CFC5}.Develop|x86.ActiveCfg = Release|x86
		{BE886720-F7D2-47CE-8950-B5E69205CFC5}.Develop|x86.Build.0 = Release|x86
		{BE886720-F7D2-47CE-8950-B5E69205CFC5}.Develop|x86.Deploy.0 = Release|x86
		{BE886720-F7D2-47CE-8950-B5E69205CFC5}.Release|Any CPU.ActiveCfg = Release|Any CPU
		{BE886720-F7D2-47CE-8950-B5E69205CFC5}.Release|Any CPU.Build.0 = Release|Any CPU
		{BE886720-F7D2-47CE-8950-B5E69205CFC5}.Release|Any CPU.Deploy.0 = Release|Any CPU
		{BE886720-F7D2-47CE-8950-B5E69205CFC5}.Release|ARM32.ActiveCfg = Release|Any CPU
		{BE886720-F7D2-47CE-8950-B5E69205CFC5}.Release|ARM32.Build.0 = Release|Any CPU
		{BE886720-F7D2-47CE-8950-B5E69205CFC5}.Release|ARM32.Deploy.0 = Release|Any CPU
		{BE886720-F7D2-47CE-8950-B5E69205CFC5}.Release|ARM64.ActiveCfg = Release|ARM64
		{BE886720-F7D2-47CE-8950-B5E69205CFC5}.Release|ARM64.Build.0 = Release|ARM64
		{BE886720-F7D2-47CE-8950-B5E69205CFC5}.Release|ARM64.Deploy.0 = Release|ARM64
		{BE886720-F7D2-47CE-8950-B5E69205CFC5}.Release|x64.ActiveCfg = Release|x64
		{BE886720-F7D2-47CE-8950-B5E69205CFC5}.Release|x64.Build.0 = Release|x64
		{BE886720-F7D2-47CE-8950-B5E69205CFC5}.Release|x64.Deploy.0 = Release|x64
		{BE886720-F7D2-47CE-8950-B5E69205CFC5}.Release|x86.ActiveCfg = Release|x86
		{BE886720-F7D2-47CE-8950-B5E69205CFC5}.Release|x86.Build.0 = Release|x86
		{BE886720-F7D2-47CE-8950-B5E69205CFC5}.Release|x86.Deploy.0 = Release|x86
		{BE886720-F7D2-47CE-8950-B5E69205CFC5}.UWP|Any CPU.ActiveCfg = UWP|ARM
		{BE886720-F7D2-47CE-8950-B5E69205CFC5}.UWP|Any CPU.Build.0 = UWP|ARM
		{BE886720-F7D2-47CE-8950-B5E69205CFC5}.UWP|Any CPU.Deploy.0 = UWP|ARM
		{BE886720-F7D2-47CE-8950-B5E69205CFC5}.UWP|ARM32.ActiveCfg = UWP|Any CPU
		{BE886720-F7D2-47CE-8950-B5E69205CFC5}.UWP|ARM32.Build.0 = UWP|Any CPU
		{BE886720-F7D2-47CE-8950-B5E69205CFC5}.UWP|ARM32.Deploy.0 = UWP|Any CPU
		{BE886720-F7D2-47CE-8950-B5E69205CFC5}.UWP|ARM64.ActiveCfg = UWP|ARM64
		{BE886720-F7D2-47CE-8950-B5E69205CFC5}.UWP|ARM64.Build.0 = UWP|ARM64
		{BE886720-F7D2-47CE-8950-B5E69205CFC5}.UWP|ARM64.Deploy.0 = UWP|ARM64
		{BE886720-F7D2-47CE-8950-B5E69205CFC5}.UWP|x64.ActiveCfg = UWP|x64
		{BE886720-F7D2-47CE-8950-B5E69205CFC5}.UWP|x64.Build.0 = UWP|x64
		{BE886720-F7D2-47CE-8950-B5E69205CFC5}.UWP|x64.Deploy.0 = UWP|x64
		{BE886720-F7D2-47CE-8950-B5E69205CFC5}.UWP|x86.ActiveCfg = UWP|x86
		{BE886720-F7D2-47CE-8950-B5E69205CFC5}.UWP|x86.Build.0 = UWP|x86
		{BE886720-F7D2-47CE-8950-B5E69205CFC5}.UWP|x86.Deploy.0 = UWP|x86
		{7776A262-A003-FCF7-C1B7-E3CEF4BE3BE6}.Debug|Any CPU.ActiveCfg = Debug|Any CPU
		{7776A262-A003-FCF7-C1B7-E3CEF4BE3BE6}.Debug|Any CPU.Build.0 = Debug|Any CPU
		{7776A262-A003-FCF7-C1B7-E3CEF4BE3BE6}.Debug|ARM32.ActiveCfg = Debug|Any CPU
		{7776A262-A003-FCF7-C1B7-E3CEF4BE3BE6}.Debug|ARM32.Build.0 = Debug|Any CPU
		{7776A262-A003-FCF7-C1B7-E3CEF4BE3BE6}.Debug|ARM64.ActiveCfg = Debug|Any CPU
		{7776A262-A003-FCF7-C1B7-E3CEF4BE3BE6}.Debug|ARM64.Build.0 = Debug|Any CPU
		{7776A262-A003-FCF7-C1B7-E3CEF4BE3BE6}.Debug|x64.ActiveCfg = Debug|x64
		{7776A262-A003-FCF7-C1B7-E3CEF4BE3BE6}.Debug|x64.Build.0 = Debug|x64
		{7776A262-A003-FCF7-C1B7-E3CEF4BE3BE6}.Debug|x86.ActiveCfg = Debug|Any CPU
		{7776A262-A003-FCF7-C1B7-E3CEF4BE3BE6}.Debug|x86.Build.0 = Debug|Any CPU
		{7776A262-A003-FCF7-C1B7-E3CEF4BE3BE6}.Develop|Any CPU.ActiveCfg = UWP|Any CPU
		{7776A262-A003-FCF7-C1B7-E3CEF4BE3BE6}.Develop|Any CPU.Build.0 = UWP|Any CPU
		{7776A262-A003-FCF7-C1B7-E3CEF4BE3BE6}.Develop|ARM32.ActiveCfg = UWP|Any CPU
		{7776A262-A003-FCF7-C1B7-E3CEF4BE3BE6}.Develop|ARM32.Build.0 = UWP|Any CPU
		{7776A262-A003-FCF7-C1B7-E3CEF4BE3BE6}.Develop|ARM64.ActiveCfg = UWP|Any CPU
		{7776A262-A003-FCF7-C1B7-E3CEF4BE3BE6}.Develop|ARM64.Build.0 = UWP|Any CPU
		{7776A262-A003-FCF7-C1B7-E3CEF4BE3BE6}.Develop|x64.ActiveCfg = UWP|x64
		{7776A262-A003-FCF7-C1B7-E3CEF4BE3BE6}.Develop|x64.Build.0 = UWP|x64
		{7776A262-A003-FCF7-C1B7-E3CEF4BE3BE6}.Develop|x86.ActiveCfg = UWP|Any CPU
		{7776A262-A003-FCF7-C1B7-E3CEF4BE3BE6}.Develop|x86.Build.0 = UWP|Any CPU
		{7776A262-A003-FCF7-C1B7-E3CEF4BE3BE6}.Release|Any CPU.ActiveCfg = Release|Any CPU
		{7776A262-A003-FCF7-C1B7-E3CEF4BE3BE6}.Release|Any CPU.Build.0 = Release|Any CPU
		{7776A262-A003-FCF7-C1B7-E3CEF4BE3BE6}.Release|ARM32.ActiveCfg = Release|Any CPU
		{7776A262-A003-FCF7-C1B7-E3CEF4BE3BE6}.Release|ARM32.Build.0 = Release|Any CPU
		{7776A262-A003-FCF7-C1B7-E3CEF4BE3BE6}.Release|ARM64.ActiveCfg = Release|Any CPU
		{7776A262-A003-FCF7-C1B7-E3CEF4BE3BE6}.Release|ARM64.Build.0 = Release|Any CPU
		{7776A262-A003-FCF7-C1B7-E3CEF4BE3BE6}.Release|x64.ActiveCfg = Release|x64
		{7776A262-A003-FCF7-C1B7-E3CEF4BE3BE6}.Release|x64.Build.0 = Release|x64
		{7776A262-A003-FCF7-C1B7-E3CEF4BE3BE6}.Release|x86.ActiveCfg = Release|Any CPU
		{7776A262-A003-FCF7-C1B7-E3CEF4BE3BE6}.Release|x86.Build.0 = Release|Any CPU
		{7776A262-A003-FCF7-C1B7-E3CEF4BE3BE6}.UWP|Any CPU.ActiveCfg = UWP|Any CPU
		{7776A262-A003-FCF7-C1B7-E3CEF4BE3BE6}.UWP|Any CPU.Build.0 = UWP|Any CPU
		{7776A262-A003-FCF7-C1B7-E3CEF4BE3BE6}.UWP|ARM32.ActiveCfg = UWP|Any CPU
		{7776A262-A003-FCF7-C1B7-E3CEF4BE3BE6}.UWP|ARM32.Build.0 = UWP|Any CPU
		{7776A262-A003-FCF7-C1B7-E3CEF4BE3BE6}.UWP|ARM64.ActiveCfg = UWP|Any CPU
		{7776A262-A003-FCF7-C1B7-E3CEF4BE3BE6}.UWP|ARM64.Build.0 = UWP|Any CPU
		{7776A262-A003-FCF7-C1B7-E3CEF4BE3BE6}.UWP|x64.ActiveCfg = UWP|x64
		{7776A262-A003-FCF7-C1B7-E3CEF4BE3BE6}.UWP|x64.Build.0 = UWP|x64
		{7776A262-A003-FCF7-C1B7-E3CEF4BE3BE6}.UWP|x86.ActiveCfg = UWP|Any CPU
		{7776A262-A003-FCF7-C1B7-E3CEF4BE3BE6}.UWP|x86.Build.0 = UWP|Any CPU
		{5FAA3D88-7934-0077-F9FB-1D225C42E9CA}.Debug|Any CPU.ActiveCfg = Debug|Any CPU
		{5FAA3D88-7934-0077-F9FB-1D225C42E9CA}.Debug|Any CPU.Build.0 = Debug|Any CPU
		{5FAA3D88-7934-0077-F9FB-1D225C42E9CA}.Debug|ARM32.ActiveCfg = Debug|Any CPU
		{5FAA3D88-7934-0077-F9FB-1D225C42E9CA}.Debug|ARM32.Build.0 = Debug|Any CPU
		{5FAA3D88-7934-0077-F9FB-1D225C42E9CA}.Debug|ARM64.ActiveCfg = Debug|Any CPU
		{5FAA3D88-7934-0077-F9FB-1D225C42E9CA}.Debug|ARM64.Build.0 = Debug|Any CPU
		{5FAA3D88-7934-0077-F9FB-1D225C42E9CA}.Debug|x64.ActiveCfg = Debug|x64
		{5FAA3D88-7934-0077-F9FB-1D225C42E9CA}.Debug|x64.Build.0 = Debug|x64
		{5FAA3D88-7934-0077-F9FB-1D225C42E9CA}.Debug|x86.ActiveCfg = Debug|Any CPU
		{5FAA3D88-7934-0077-F9FB-1D225C42E9CA}.Debug|x86.Build.0 = Debug|Any CPU
		{5FAA3D88-7934-0077-F9FB-1D225C42E9CA}.Develop|Any CPU.ActiveCfg = UWP|Any CPU
		{5FAA3D88-7934-0077-F9FB-1D225C42E9CA}.Develop|Any CPU.Build.0 = UWP|Any CPU
		{5FAA3D88-7934-0077-F9FB-1D225C42E9CA}.Develop|ARM32.ActiveCfg = UWP|Any CPU
		{5FAA3D88-7934-0077-F9FB-1D225C42E9CA}.Develop|ARM32.Build.0 = UWP|Any CPU
		{5FAA3D88-7934-0077-F9FB-1D225C42E9CA}.Develop|ARM64.ActiveCfg = UWP|Any CPU
		{5FAA3D88-7934-0077-F9FB-1D225C42E9CA}.Develop|ARM64.Build.0 = UWP|Any CPU
		{5FAA3D88-7934-0077-F9FB-1D225C42E9CA}.Develop|x64.ActiveCfg = UWP|x64
		{5FAA3D88-7934-0077-F9FB-1D225C42E9CA}.Develop|x64.Build.0 = UWP|x64
		{5FAA3D88-7934-0077-F9FB-1D225C42E9CA}.Develop|x86.ActiveCfg = UWP|Any CPU
		{5FAA3D88-7934-0077-F9FB-1D225C42E9CA}.Develop|x86.Build.0 = UWP|Any CPU
		{5FAA3D88-7934-0077-F9FB-1D225C42E9CA}.Release|Any CPU.ActiveCfg = Release|Any CPU
		{5FAA3D88-7934-0077-F9FB-1D225C42E9CA}.Release|Any CPU.Build.0 = Release|Any CPU
		{5FAA3D88-7934-0077-F9FB-1D225C42E9CA}.Release|ARM32.ActiveCfg = Release|Any CPU
		{5FAA3D88-7934-0077-F9FB-1D225C42E9CA}.Release|ARM32.Build.0 = Release|Any CPU
		{5FAA3D88-7934-0077-F9FB-1D225C42E9CA}.Release|ARM64.ActiveCfg = Release|Any CPU
		{5FAA3D88-7934-0077-F9FB-1D225C42E9CA}.Release|ARM64.Build.0 = Release|Any CPU
		{5FAA3D88-7934-0077-F9FB-1D225C42E9CA}.Release|x64.ActiveCfg = Release|x64
		{5FAA3D88-7934-0077-F9FB-1D225C42E9CA}.Release|x64.Build.0 = Release|x64
		{5FAA3D88-7934-0077-F9FB-1D225C42E9CA}.Release|x86.ActiveCfg = Release|Any CPU
		{5FAA3D88-7934-0077-F9FB-1D225C42E9CA}.Release|x86.Build.0 = Release|Any CPU
		{5FAA3D88-7934-0077-F9FB-1D225C42E9CA}.UWP|Any CPU.ActiveCfg = UWP|Any CPU
		{5FAA3D88-7934-0077-F9FB-1D225C42E9CA}.UWP|Any CPU.Build.0 = UWP|Any CPU
		{5FAA3D88-7934-0077-F9FB-1D225C42E9CA}.UWP|ARM32.ActiveCfg = UWP|Any CPU
		{5FAA3D88-7934-0077-F9FB-1D225C42E9CA}.UWP|ARM32.Build.0 = UWP|Any CPU
		{5FAA3D88-7934-0077-F9FB-1D225C42E9CA}.UWP|ARM64.ActiveCfg = UWP|Any CPU
		{5FAA3D88-7934-0077-F9FB-1D225C42E9CA}.UWP|ARM64.Build.0 = UWP|Any CPU
		{5FAA3D88-7934-0077-F9FB-1D225C42E9CA}.UWP|x64.ActiveCfg = UWP|x64
		{5FAA3D88-7934-0077-F9FB-1D225C42E9CA}.UWP|x64.Build.0 = UWP|x64
		{5FAA3D88-7934-0077-F9FB-1D225C42E9CA}.UWP|x86.ActiveCfg = UWP|Any CPU
		{5FAA3D88-7934-0077-F9FB-1D225C42E9CA}.UWP|x86.Build.0 = UWP|Any CPU
		{B01F01A0-7F92-1003-8040-BBA1A177DE6E}.Debug|Any CPU.ActiveCfg = Debug|Any CPU
		{B01F01A0-7F92-1003-8040-BBA1A177DE6E}.Debug|Any CPU.Build.0 = Debug|Any CPU
		{B01F01A0-7F92-1003-8040-BBA1A177DE6E}.Debug|ARM32.ActiveCfg = Debug|ARM32
		{B01F01A0-7F92-1003-8040-BBA1A177DE6E}.Debug|ARM32.Build.0 = Debug|ARM32
		{B01F01A0-7F92-1003-8040-BBA1A177DE6E}.Debug|ARM64.ActiveCfg = Debug|ARM64
		{B01F01A0-7F92-1003-8040-BBA1A177DE6E}.Debug|ARM64.Build.0 = Debug|ARM64
		{B01F01A0-7F92-1003-8040-BBA1A177DE6E}.Debug|x64.ActiveCfg = Debug|x64
		{B01F01A0-7F92-1003-8040-BBA1A177DE6E}.Debug|x64.Build.0 = Debug|x64
		{B01F01A0-7F92-1003-8040-BBA1A177DE6E}.Debug|x86.ActiveCfg = Debug|x86
		{B01F01A0-7F92-1003-8040-BBA1A177DE6E}.Debug|x86.Build.0 = Debug|x86
		{B01F01A0-7F92-1003-8040-BBA1A177DE6E}.Develop|Any CPU.ActiveCfg = UWP|Any CPU
		{B01F01A0-7F92-1003-8040-BBA1A177DE6E}.Develop|Any CPU.Build.0 = UWP|Any CPU
		{B01F01A0-7F92-1003-8040-BBA1A177DE6E}.Develop|ARM32.ActiveCfg = UWP|ARM32
		{B01F01A0-7F92-1003-8040-BBA1A177DE6E}.Develop|ARM32.Build.0 = UWP|ARM32
		{B01F01A0-7F92-1003-8040-BBA1A177DE6E}.Develop|ARM64.ActiveCfg = UWP|ARM64
		{B01F01A0-7F92-1003-8040-BBA1A177DE6E}.Develop|ARM64.Build.0 = UWP|ARM64
		{B01F01A0-7F92-1003-8040-BBA1A177DE6E}.Develop|x64.ActiveCfg = UWP|x64
		{B01F01A0-7F92-1003-8040-BBA1A177DE6E}.Develop|x64.Build.0 = UWP|x64
		{B01F01A0-7F92-1003-8040-BBA1A177DE6E}.Develop|x86.ActiveCfg = UWP|x86
		{B01F01A0-7F92-1003-8040-BBA1A177DE6E}.Develop|x86.Build.0 = UWP|x86
		{B01F01A0-7F92-1003-8040-BBA1A177DE6E}.Release|Any CPU.ActiveCfg = Release|Any CPU
		{B01F01A0-7F92-1003-8040-BBA1A177DE6E}.Release|Any CPU.Build.0 = Release|Any CPU
		{B01F01A0-7F92-1003-8040-BBA1A177DE6E}.Release|ARM32.ActiveCfg = Release|ARM32
		{B01F01A0-7F92-1003-8040-BBA1A177DE6E}.Release|ARM32.Build.0 = Release|ARM32
		{B01F01A0-7F92-1003-8040-BBA1A177DE6E}.Release|ARM64.ActiveCfg = Release|ARM64
		{B01F01A0-7F92-1003-8040-BBA1A177DE6E}.Release|ARM64.Build.0 = Release|ARM64
		{B01F01A0-7F92-1003-8040-BBA1A177DE6E}.Release|x64.ActiveCfg = Release|x64
		{B01F01A0-7F92-1003-8040-BBA1A177DE6E}.Release|x64.Build.0 = Release|x64
		{B01F01A0-7F92-1003-8040-BBA1A177DE6E}.Release|x86.ActiveCfg = Release|x86
		{B01F01A0-7F92-1003-8040-BBA1A177DE6E}.Release|x86.Build.0 = Release|x86
		{B01F01A0-7F92-1003-8040-BBA1A177DE6E}.UWP|Any CPU.ActiveCfg = UWP|Any CPU
		{B01F01A0-7F92-1003-8040-BBA1A177DE6E}.UWP|Any CPU.Build.0 = UWP|Any CPU
		{B01F01A0-7F92-1003-8040-BBA1A177DE6E}.UWP|ARM32.ActiveCfg = UWP|ARM32
		{B01F01A0-7F92-1003-8040-BBA1A177DE6E}.UWP|ARM32.Build.0 = UWP|ARM32
		{B01F01A0-7F92-1003-8040-BBA1A177DE6E}.UWP|ARM64.ActiveCfg = UWP|ARM64
		{B01F01A0-7F92-1003-8040-BBA1A177DE6E}.UWP|ARM64.Build.0 = UWP|ARM64
		{B01F01A0-7F92-1003-8040-BBA1A177DE6E}.UWP|x64.ActiveCfg = UWP|x64
		{B01F01A0-7F92-1003-8040-BBA1A177DE6E}.UWP|x64.Build.0 = UWP|x64
		{B01F01A0-7F92-1003-8040-BBA1A177DE6E}.UWP|x86.ActiveCfg = UWP|x86
		{B01F01A0-7F92-1003-8040-BBA1A177DE6E}.UWP|x86.Build.0 = UWP|x86
		{D2A43C01-82AE-3FA1-9DF5-6F552B721F40}.Debug|Any CPU.ActiveCfg = Debug|Any CPU
		{D2A43C01-82AE-3FA1-9DF5-6F552B721F40}.Debug|Any CPU.Build.0 = Debug|Any CPU
		{D2A43C01-82AE-3FA1-9DF5-6F552B721F40}.Debug|ARM32.ActiveCfg = Debug|ARM32
		{D2A43C01-82AE-3FA1-9DF5-6F552B721F40}.Debug|ARM32.Build.0 = Debug|ARM32
		{D2A43C01-82AE-3FA1-9DF5-6F552B721F40}.Debug|ARM64.ActiveCfg = Debug|ARM64
		{D2A43C01-82AE-3FA1-9DF5-6F552B721F40}.Debug|ARM64.Build.0 = Debug|ARM64
		{D2A43C01-82AE-3FA1-9DF5-6F552B721F40}.Debug|x64.ActiveCfg = Debug|x64
		{D2A43C01-82AE-3FA1-9DF5-6F552B721F40}.Debug|x64.Build.0 = Debug|x64
		{D2A43C01-82AE-3FA1-9DF5-6F552B721F40}.Debug|x86.ActiveCfg = Debug|x86
		{D2A43C01-82AE-3FA1-9DF5-6F552B721F40}.Debug|x86.Build.0 = Debug|x86
		{D2A43C01-82AE-3FA1-9DF5-6F552B721F40}.Develop|Any CPU.ActiveCfg = UWP|Any CPU
		{D2A43C01-82AE-3FA1-9DF5-6F552B721F40}.Develop|Any CPU.Build.0 = UWP|Any CPU
		{D2A43C01-82AE-3FA1-9DF5-6F552B721F40}.Develop|ARM32.ActiveCfg = UWP|ARM32
		{D2A43C01-82AE-3FA1-9DF5-6F552B721F40}.Develop|ARM32.Build.0 = UWP|ARM32
		{D2A43C01-82AE-3FA1-9DF5-6F552B721F40}.Develop|ARM64.ActiveCfg = UWP|ARM64
		{D2A43C01-82AE-3FA1-9DF5-6F552B721F40}.Develop|ARM64.Build.0 = UWP|ARM64
		{D2A43C01-82AE-3FA1-9DF5-6F552B721F40}.Develop|x64.ActiveCfg = UWP|x64
		{D2A43C01-82AE-3FA1-9DF5-6F552B721F40}.Develop|x64.Build.0 = UWP|x64
		{D2A43C01-82AE-3FA1-9DF5-6F552B721F40}.Develop|x86.ActiveCfg = UWP|x86
		{D2A43C01-82AE-3FA1-9DF5-6F552B721F40}.Develop|x86.Build.0 = UWP|x86
		{D2A43C01-82AE-3FA1-9DF5-6F552B721F40}.Release|Any CPU.ActiveCfg = Release|Any CPU
		{D2A43C01-82AE-3FA1-9DF5-6F552B721F40}.Release|Any CPU.Build.0 = Release|Any CPU
		{D2A43C01-82AE-3FA1-9DF5-6F552B721F40}.Release|ARM32.ActiveCfg = Release|ARM32
		{D2A43C01-82AE-3FA1-9DF5-6F552B721F40}.Release|ARM32.Build.0 = Release|ARM32
		{D2A43C01-82AE-3FA1-9DF5-6F552B721F40}.Release|ARM64.ActiveCfg = Release|ARM64
		{D2A43C01-82AE-3FA1-9DF5-6F552B721F40}.Release|ARM64.Build.0 = Release|ARM64
		{D2A43C01-82AE-3FA1-9DF5-6F552B721F40}.Release|x64.ActiveCfg = Release|x64
		{D2A43C01-82AE-3FA1-9DF5-6F552B721F40}.Release|x64.Build.0 = Release|x64
		{D2A43C01-82AE-3FA1-9DF5-6F552B721F40}.Release|x86.ActiveCfg = Release|x86
		{D2A43C01-82AE-3FA1-9DF5-6F552B721F40}.Release|x86.Build.0 = Release|x86
		{D2A43C01-82AE-3FA1-9DF5-6F552B721F40}.UWP|Any CPU.ActiveCfg = UWP|Any CPU
		{D2A43C01-82AE-3FA1-9DF5-6F552B721F40}.UWP|Any CPU.Build.0 = UWP|Any CPU
		{D2A43C01-82AE-3FA1-9DF5-6F552B721F40}.UWP|ARM32.ActiveCfg = UWP|ARM32
		{D2A43C01-82AE-3FA1-9DF5-6F552B721F40}.UWP|ARM32.Build.0 = UWP|ARM32
		{D2A43C01-82AE-3FA1-9DF5-6F552B721F40}.UWP|ARM64.ActiveCfg = UWP|ARM64
		{D2A43C01-82AE-3FA1-9DF5-6F552B721F40}.UWP|ARM64.Build.0 = UWP|ARM64
		{D2A43C01-82AE-3FA1-9DF5-6F552B721F40}.UWP|x64.ActiveCfg = UWP|x64
		{D2A43C01-82AE-3FA1-9DF5-6F552B721F40}.UWP|x64.Build.0 = UWP|x64
		{D2A43C01-82AE-3FA1-9DF5-6F552B721F40}.UWP|x86.ActiveCfg = UWP|x86
		{D2A43C01-82AE-3FA1-9DF5-6F552B721F40}.UWP|x86.Build.0 = UWP|x86
		{BAC123C8-2181-F2B5-3B30-7CAAB073E64E}.Debug|Any CPU.ActiveCfg = Debug|Any CPU
		{BAC123C8-2181-F2B5-3B30-7CAAB073E64E}.Debug|Any CPU.Build.0 = Debug|Any CPU
		{BAC123C8-2181-F2B5-3B30-7CAAB073E64E}.Debug|ARM32.ActiveCfg = Debug|ARM32
		{BAC123C8-2181-F2B5-3B30-7CAAB073E64E}.Debug|ARM32.Build.0 = Debug|ARM32
		{BAC123C8-2181-F2B5-3B30-7CAAB073E64E}.Debug|ARM64.ActiveCfg = Debug|ARM64
		{BAC123C8-2181-F2B5-3B30-7CAAB073E64E}.Debug|ARM64.Build.0 = Debug|ARM64
		{BAC123C8-2181-F2B5-3B30-7CAAB073E64E}.Debug|x64.ActiveCfg = Debug|x64
		{BAC123C8-2181-F2B5-3B30-7CAAB073E64E}.Debug|x64.Build.0 = Debug|x64
		{BAC123C8-2181-F2B5-3B30-7CAAB073E64E}.Debug|x86.ActiveCfg = Debug|x86
		{BAC123C8-2181-F2B5-3B30-7CAAB073E64E}.Debug|x86.Build.0 = Debug|x86
		{BAC123C8-2181-F2B5-3B30-7CAAB073E64E}.Develop|Any CPU.ActiveCfg = UWP|Any CPU
		{BAC123C8-2181-F2B5-3B30-7CAAB073E64E}.Develop|Any CPU.Build.0 = UWP|Any CPU
		{BAC123C8-2181-F2B5-3B30-7CAAB073E64E}.Develop|ARM32.ActiveCfg = UWP|ARM32
		{BAC123C8-2181-F2B5-3B30-7CAAB073E64E}.Develop|ARM32.Build.0 = UWP|ARM32
		{BAC123C8-2181-F2B5-3B30-7CAAB073E64E}.Develop|ARM64.ActiveCfg = UWP|ARM64
		{BAC123C8-2181-F2B5-3B30-7CAAB073E64E}.Develop|ARM64.Build.0 = UWP|ARM64
		{BAC123C8-2181-F2B5-3B30-7CAAB073E64E}.Develop|x64.ActiveCfg = UWP|x64
		{BAC123C8-2181-F2B5-3B30-7CAAB073E64E}.Develop|x64.Build.0 = UWP|x64
		{BAC123C8-2181-F2B5-3B30-7CAAB073E64E}.Develop|x86.ActiveCfg = UWP|x86
		{BAC123C8-2181-F2B5-3B30-7CAAB073E64E}.Develop|x86.Build.0 = UWP|x86
		{BAC123C8-2181-F2B5-3B30-7CAAB073E64E}.Release|Any CPU.ActiveCfg = Release|Any CPU
		{BAC123C8-2181-F2B5-3B30-7CAAB073E64E}.Release|Any CPU.Build.0 = Release|Any CPU
		{BAC123C8-2181-F2B5-3B30-7CAAB073E64E}.Release|ARM32.ActiveCfg = Release|ARM32
		{BAC123C8-2181-F2B5-3B30-7CAAB073E64E}.Release|ARM32.Build.0 = Release|ARM32
		{BAC123C8-2181-F2B5-3B30-7CAAB073E64E}.Release|ARM64.ActiveCfg = Release|ARM64
		{BAC123C8-2181-F2B5-3B30-7CAAB073E64E}.Release|ARM64.Build.0 = Release|ARM64
		{BAC123C8-2181-F2B5-3B30-7CAAB073E64E}.Release|x64.ActiveCfg = Release|x64
		{BAC123C8-2181-F2B5-3B30-7CAAB073E64E}.Release|x64.Build.0 = Release|x64
		{BAC123C8-2181-F2B5-3B30-7CAAB073E64E}.Release|x86.ActiveCfg = Release|x86
		{BAC123C8-2181-F2B5-3B30-7CAAB073E64E}.Release|x86.Build.0 = Release|x86
		{BAC123C8-2181-F2B5-3B30-7CAAB073E64E}.UWP|Any CPU.ActiveCfg = UWP|Any CPU
		{BAC123C8-2181-F2B5-3B30-7CAAB073E64E}.UWP|Any CPU.Build.0 = UWP|Any CPU
		{BAC123C8-2181-F2B5-3B30-7CAAB073E64E}.UWP|ARM32.ActiveCfg = UWP|ARM32
		{BAC123C8-2181-F2B5-3B30-7CAAB073E64E}.UWP|ARM32.Build.0 = UWP|ARM32
		{BAC123C8-2181-F2B5-3B30-7CAAB073E64E}.UWP|ARM64.ActiveCfg = UWP|ARM64
		{BAC123C8-2181-F2B5-3B30-7CAAB073E64E}.UWP|ARM64.Build.0 = UWP|ARM64
		{BAC123C8-2181-F2B5-3B30-7CAAB073E64E}.UWP|x64.ActiveCfg = UWP|x64
		{BAC123C8-2181-F2B5-3B30-7CAAB073E64E}.UWP|x64.Build.0 = UWP|x64
		{BAC123C8-2181-F2B5-3B30-7CAAB073E64E}.UWP|x86.ActiveCfg = UWP|x86
		{BAC123C8-2181-F2B5-3B30-7CAAB073E64E}.UWP|x86.Build.0 = UWP|x86
	EndGlobalSection
	GlobalSection(SolutionProperties) = preSolution
		HideSolutionNode = FALSE
	EndGlobalSection
	GlobalSection(ExtensibilityGlobals) = postSolution
		SolutionGuid = {0551D981-FB17-4B12-B1A3-76A7425B73DA}
	EndGlobalSection
EndGlobal
